
Microsoft Visual Studio Solution File, Format Version 12.00
# Visual Studio Version 17
VisualStudioVersion = 17.0.31903.59
MinimumVisualStudioVersion = 10.0.40219.1
Project("{FAE04EC0-301F-11D3-BF4B-00C04F79EFBC}") = "Vortex.Database", "Vortex.Database\Vortex.Database.csproj", "{1EE0E4A1-557D-4779-A65E-73BBAD110CC2}"
EndProject
Project("{FAE04EC0-301F-11D3-BF4B-00C04F79EFBC}") = "Vortex.Events", "Vortex.Events\Vortex.Events.csproj", "{E5060BDA-AD43-4BBE-89BD-6E5F58CFD90B}"
EndProject
Project("{FAE04EC0-301F-11D3-BF4B-00C04F79EFBC}") = "Vortex.Main", "Vortex.Main\Vortex.Main.csproj", "{C2FBFECB-92FE-4FBD-8DD0-456DDDB7D859}"
EndProject
Project("{FAE04EC0-301F-11D3-BF4B-00C04F79EFBC}") = "Vortex.Messages", "Vortex.Messages\Vortex.Messages.csproj", "{206126F1-2CD3-44BF-B635-A3465B99B4D9}"
EndProject
Project("{FAE04EC0-301F-11D3-BF4B-00C04F79EFBC}") = "Vortex.Networking", "Vortex.Networking\Vortex.Networking.csproj", "{730AB94C-2527-4902-9BAA-BB5491691162}"
EndProject
Project("{FAE04EC0-301F-11D3-BF4B-00C04F79EFBC}") = "Vortex.Pipeline", "Vortex.Pipeline\Vortex.Pipeline.csproj", "{91A0E861-4BD8-4F05-B776-0EE2CA00A3D7}"
EndProject
Project("{FAE04EC0-301F-11D3-BF4B-00C04F79EFBC}") = "Vortex.Plugins", "Vortex.Plugins\Vortex.Plugins.csproj", "{31AA65DB-2B58-4B59-A1A2-96618D5D125D}"
EndProject
Project("{FAE04EC0-301F-11D3-BF4B-00C04F79EFBC}") = "Vortex.Primitives", "Vortex.Primitives\Vortex.Primitives.csproj", "{B1FB368A-BF76-401B-B60C-269C54EE1FE0}"
EndProject
Project("{FAE04EC0-301F-11D3-BF4B-00C04F79EFBC}") = "Vortex.Logging", "Vortex.Logging\Vortex.Logging.csproj", "{FAC5648D-7B56-4E65-8EF0-B4EE138E6380}"
EndProject
Project("{FAE04EC0-301F-11D3-BF4B-00C04F79EFBC}") = "Vortex.Crypto", "Vortex.Crypto\Vortex.Crypto.csproj", "{0A8420E0-DDA4-46C1-8775-CDCEF53D8B46}"
EndProject
Project("{FAE04EC0-301F-11D3-BF4B-00C04F79EFBC}") = "Vortex.Runtime", "Vortex.Runtime\Vortex.Runtime.csproj", "{E1C443E0-C2E4-4146-B964-8558E8F16FC2}"
EndProject
Project("{FAE04EC0-301F-11D3-BF4B-00C04F79EFBC}") = "Vortex.Authentication", "Vortex.Authentication\Vortex.Authentication.csproj", "{ACD174D1-40A5-4F3B-ACD4-A4857753F5DE}"
EndProject
Project("{FAE04EC0-301F-11D3-BF4B-00C04F79EFBC}") = "Vortex.Players", "Vortex.Players\Vortex.Players.csproj", "{DD53E4D6-08AB-41BD-B4A6-0348CCFCFCD8}"
EndProject
Project("{FAE04EC0-301F-11D3-BF4B-00C04F79EFBC}") = "Vortex.PacketHandlers", "Vortex.PacketHandlers\Vortex.PacketHandlers.csproj", "{3DD89E1D-E53C-414D-9C4F-73615A9FE0DB}"
EndProject
Project("{FAE04EC0-301F-11D3-BF4B-00C04F79EFBC}") = "Vortex.Catalog", "Vortex.Catalog\Vortex.Catalog.csproj", "{373D52A2-DCA3-41BF-A7DE-8B464E03ED6A}"
EndProject
Project("{FAE04EC0-301F-11D3-BF4B-00C04F79EFBC}") = "Vortex.Furniture", "Vortex.Furniture\Vortex.Furniture.csproj", "{E6F531F5-2E53-4B95-98D4-75F59189CF08}"
EndProject
Project("{FAE04EC0-301F-11D3-BF4B-00C04F79EFBC}") = "Vortex.Inventory", "Vortex.Inventory\Vortex.Inventory.csproj", "{D0D4BCDE-E6E3-4A49-BA64-4D9F5417C7BA}"
EndProject
Project("{FAE04EC0-301F-11D3-BF4B-00C04F79EFBC}") = "Vortex.Navigator", "Vortex.Navigator\Vortex.Navigator.csproj", "{F0E82BD3-CDD8-4AAC-A92F-F1DC3C75A158}"
EndProject
Project("{FAE04EC0-301F-11D3-BF4B-00C04F79EFBC}") = "Vortex.Rooms", "Vortex.Rooms\Vortex.Rooms.csproj", "{B69616B3-7155-4FEC-978F-6345CA885231}"
EndProject
Project("{FAE04EC0-301F-11D3-BF4B-00C04F79EFBC}") = "Vortex.Revisions", "Vortex.Revisions\Vortex.Revisions.csproj", "{0FAB3E5A-C695-4E8A-9438-9410C13FF382}"
EndProject
Project("{FAE04EC0-301F-11D3-BF4B-00C04F79EFBC}") = "Vortex.Observability", "Vortex.Observability\Vortex.Observability.csproj", "{85D6A409-296E-4739-99B1-92C841ADB5F6}"
EndProject
Project("{FAE04EC0-301F-11D3-BF4B-00C04F79EFBC}") = "Vortex.WebApi", "Vortex.WebApi\Vortex.WebApi.csproj", "{C566CEC3-9098-4A2B-BB7E-C74CD316EFEE}"
EndProject
Project("{FAE04EC0-301F-11D3-BF4B-00C04F79EFBC}") = "Vortex.Dashboard.API", "Vortex.Dashboard.API\Vortex.Dashboard.API.csproj", "{A0394677-EA1B-4B0C-9B00-88FF3FB5FBFA}"
EndProject
Project("{FAE04EC0-301F-11D3-BF4B-00C04F79EFBC}") = "Vortex.Rooms.Tests", "Vortex.Rooms.Tests\Vortex.Rooms.Tests.csproj", "{0977A8C3-CB26-4A1B-BC18-421A9713E326}"
EndProject
Project("{FAE04EC0-301F-11D3-BF4B-00C04F79EFBC}") = "Vortex.WebApi.Tests", "Vortex.WebApi.Tests\Vortex.WebApi.Tests.csproj", "{59D04569-6D3A-48D1-BDC2-63E214F7C704}"
EndProject
Project("{FAE04EC0-301F-11D3-BF4B-00C04F79EFBC}") = "Vortex.Database.Tests", "Vortex.Database.Tests\Vortex.Database.Tests.csproj", "{662C464F-A3D3-4DE9-B0D6-D68D5AD92BE6}"
EndProject
Project("{FAE04EC0-301F-11D3-BF4B-00C04F79EFBC}") = "Vortex.Revisions.Tests", "Vortex.Revisions.Tests\Vortex.Revisions.Tests.csproj", "{CC494608-D70D-42E9-9E8B-6259792E7091}"
EndProject
Project("{FAE04EC0-301F-11D3-BF4B-00C04F79EFBC}") = "Vortex.Marketplace", "Vortex.Marketplace\Vortex.Marketplace.csproj", "{4453B56E-8EC9-43B6-9B71-603F88F196FC}"
EndProject
Project("{FAE04EC0-301F-11D3-BF4B-00C04F79EFBC}") = "Vortex.Players.Tests", "Vortex.Players.Tests\Vortex.Players.Tests.csproj", "{223A0238-5B41-46A8-859B-264A2C32DFF1}"
EndProject
Project("{FAE04EC0-301F-11D3-BF4B-00C04F79EFBC}") = "Vortex.Tests.Support", "Vortex.Tests.Support\Vortex.Tests.Support.csproj", "{A411B672-976A-4A20-A5C2-CF95260F66CB}"
EndProject
Project("{FAE04EC0-301F-11D3-BF4B-00C04F79EFBC}") = "Vortex.Plugins.Tests", "Vortex.Plugins.Tests\Vortex.Plugins.Tests.csproj", "{5CCE14A8-6B76-4B0A-A966-B51BB6E29BC0}"
EndProject
Project("{FAE04EC0-301F-11D3-BF4B-00C04F79EFBC}") = "Vortex.Plugins.TestPlugin", "Vortex.Plugins.TestPlugin\Vortex.Plugins.TestPlugin.csproj", "{4FDFCB97-2B48-44AC-87D3-D53D2777A223}"
EndProject
Project("{FAE04EC0-301F-11D3-BF4B-00C04F79EFBC}") = "Vortex.Hosting.Tests", "Vortex.Hosting.Tests\Vortex.Hosting.Tests.csproj", "{79069E02-7C80-4930-97DF-82D320F42FC9}"
EndProject
Project("{FAE04EC0-301F-11D3-BF4B-00C04F79EFBC}") = "Vortex.Crypto.Tests", "Vortex.Crypto.Tests\Vortex.Crypto.Tests.csproj", "{25FB0731-6CCB-4796-A93F-1DD7D476F30F}"
EndProject
Project("{FAE04EC0-301F-11D3-BF4B-00C04F79EFBC}") = "Vortex.Authentication.Tests", "Vortex.Authentication.Tests\Vortex.Authentication.Tests.csproj", "{AE069C3E-DE2D-4737-8CA0-E47B2710C135}"
EndProject
Project("{FAE04EC0-301F-11D3-BF4B-00C04F79EFBC}") = "Vortex.Pipeline.Tests", "Vortex.Pipeline.Tests\Vortex.Pipeline.Tests.csproj", "{8789349C-266A-4FE3-B5E2-EC8FBCFA1362}"
EndProject
Project("{FAE04EC0-301F-11D3-BF4B-00C04F79EFBC}") = "Vortex.Navigator.Tests", "Vortex.Navigator.Tests\Vortex.Navigator.Tests.csproj", "{B23426C4-BE04-4696-A087-C9253953BF5B}"
EndProject
Project("{FAE04EC0-301F-11D3-BF4B-00C04F79EFBC}") = "Vortex.Dashboard.Tests", "Vortex.Dashboard.Tests\Vortex.Dashboard.Tests.csproj", "{5780EA4D-7493-4FA1-AC73-B6AB371D73B6}"
EndProject
Project("{FAE04EC0-301F-11D3-BF4B-00C04F79EFBC}") = "Vortex.Benchmark", "Vortex.Benchmark\Vortex.Benchmark.csproj", "{9B366BD0-32F3-4BE3-818D-CAEE233BBC7A}"
EndProject
Project("{FAE04EC0-301F-11D3-BF4B-00C04F79EFBC}") = "Vortex.LoadGen", "Vortex.LoadGen\Vortex.LoadGen.csproj", "{EF807835-6450-4DF9-882F-4935A14F27A5}"
EndProject
Project("{FAE04EC0-301F-11D3-BF4B-00C04F79EFBC}") = "Vortex.Supervisor", "Vortex.Supervisor\Vortex.Supervisor.csproj", "{F099AF41-458E-458C-9CED-DA2E8E931C5C}"
EndProject
Project("{FAE04EC0-301F-11D3-BF4B-00C04F79EFBC}") = "Vortex.Supervisor.Tests", "Vortex.Supervisor.Tests\Vortex.Supervisor.Tests.csproj", "{CC9417A4-4E87-4A8D-891B-B016EB266B8D}"
EndProject
Project("{FAE04EC0-301F-11D3-BF4B-00C04F79EFBC}") = "Vortex.Specs", "Vortex.Specs\Vortex.Specs.csproj", "{96C5A34A-6E77-46D5-931E-313EC3020291}"
EndProject
Project("{FAE04EC0-301F-11D3-BF4B-00C04F79EFBC}") = "Vortex.Specs.Cli", "Vortex.Specs.Cli\Vortex.Specs.Cli.csproj", "{F67C92B2-49E7-4B89-922B-4FC50086031C}"
EndProject
Project("{FAE04EC0-301F-11D3-BF4B-00C04F79EFBC}") = "Vortex.Specs.Tests", "Vortex.Specs.Tests\Vortex.Specs.Tests.csproj", "{D2B84C78-4F59-41FC-87DF-575C8F8D8CF2}"
EndProject
Project("{FAE04EC0-301F-11D3-BF4B-00C04F79EFBC}") = "Vortex.Protocol", "Vortex.Protocol\Vortex.Protocol.csproj", "{A54C06F9-1BE8-45D7-B471-634ED45CB47D}"
EndProject
Project("{FAE04EC0-301F-11D3-BF4B-00C04F79EFBC}") = "Vortex.Collectibles", "Vortex.Collectibles\Vortex.Collectibles.csproj", "{B3507674-2F31-408B-A273-72A6D2039EF0}"
EndProject
Project("{FAE04EC0-301F-11D3-BF4B-00C04F79EFBC}") = "Vortex.Fishing", "Vortex.Fishing\Vortex.Fishing.csproj", "{7F1C4A21-9B3E-4D62-8E15-2C6A4F0B91D3}"
EndProject
Project("{FAE04EC0-301F-11D3-BF4B-00C04F79EFBC}") = "Vortex.Social", "Vortex.Social\Vortex.Social.csproj", "{8A6E0212-AF22-424C-AE7C-3B424C4EDBFC}"
EndProject
Project("{FAE04EC0-301F-11D3-BF4B-00C04F79EFBC}") = "Vortex.Progression", "Vortex.Progression\Vortex.Progression.csproj", "{10EDC7EB-7725-4F28-8928-013BFF5CAE54}"
EndProject
Project("{2150E333-8FDC-42A3-9474-1A3956D46DE8}") = "1 Host", "1 Host", "{A1000000-0000-4000-8000-000000000001}"
EndProject
Project("{2150E333-8FDC-42A3-9474-1A3956D46DE8}") = "2 Protocol", "2 Protocol", "{A1000000-0000-4000-8000-000000000002}"
EndProject
Project("{2150E333-8FDC-42A3-9474-1A3956D46DE8}") = "3 Domain", "3 Domain", "{A1000000-0000-4000-8000-000000000003}"
EndProject
Project("{2150E333-8FDC-42A3-9474-1A3956D46DE8}") = "4 Platform", "4 Platform", "{A1000000-0000-4000-8000-000000000004}"
EndProject
Project("{2150E333-8FDC-42A3-9474-1A3956D46DE8}") = "5 Admin", "5 Admin", "{A1000000-0000-4000-8000-000000000005}"
EndProject
Project("{2150E333-8FDC-42A3-9474-1A3956D46DE8}") = "6 Tooling", "6 Tooling", "{A1000000-0000-4000-8000-000000000006}"
EndProject
Project("{2150E333-8FDC-42A3-9474-1A3956D46DE8}") = "7 Tests", "7 Tests", "{A1000000-0000-4000-8000-000000000007}"
EndProject
Global
	GlobalSection(SolutionConfigurationPlatforms) = preSolution
		Debug|Any CPU = Debug|Any CPU
		Debug|x64 = Debug|x64
		Debug|x86 = Debug|x86
		Release|Any CPU = Release|Any CPU
		Release|x64 = Release|x64
		Release|x86 = Release|x86
	EndGlobalSection
	GlobalSection(ProjectConfigurationPlatforms) = postSolution
		{1EE0E4A1-557D-4779-A65E-73BBAD110CC2}.Debug|Any CPU.ActiveCfg = Debug|Any CPU
		{1EE0E4A1-557D-4779-A65E-73BBAD110CC2}.Debug|Any CPU.Build.0 = Debug|Any CPU
		{1EE0E4A1-557D-4779-A65E-73BBAD110CC2}.Debug|x64.ActiveCfg = Debug|Any CPU
		{1EE0E4A1-557D-4779-A65E-73BBAD110CC2}.Debug|x64.Build.0 = Debug|Any CPU
		{1EE0E4A1-557D-4779-A65E-73BBAD110CC2}.Debug|x86.ActiveCfg = Debug|Any CPU
		{1EE0E4A1-557D-4779-A65E-73BBAD110CC2}.Debug|x86.Build.0 = Debug|Any CPU
		{1EE0E4A1-557D-4779-A65E-73BBAD110CC2}.Release|Any CPU.ActiveCfg = Release|Any CPU
		{1EE0E4A1-557D-4779-A65E-73BBAD110CC2}.Release|Any CPU.Build.0 = Release|Any CPU
		{1EE0E4A1-557D-4779-A65E-73BBAD110CC2}.Release|x64.ActiveCfg = Release|Any CPU
		{1EE0E4A1-557D-4779-A65E-73BBAD110CC2}.Release|x64.Build.0 = Release|Any CPU
		{1EE0E4A1-557D-4779-A65E-73BBAD110CC2}.Release|x86.ActiveCfg = Release|Any CPU
		{1EE0E4A1-557D-4779-A65E-73BBAD110CC2}.Release|x86.Build.0 = Release|Any CPU
		{E5060BDA-AD43-4BBE-89BD-6E5F58CFD90B}.Debug|Any CPU.ActiveCfg = Debug|Any CPU
		{E5060BDA-AD43-4BBE-89BD-6E5F58CFD90B}.Debug|Any CPU.Build.0 = Debug|Any CPU
		{E5060BDA-AD43-4BBE-89BD-6E5F58CFD90B}.Debug|x64.ActiveCfg = Debug|Any CPU
		{E5060BDA-AD43-4BBE-89BD-6E5F58CFD90B}.Debug|x64.Build.0 = Debug|Any CPU
		{E5060BDA-AD43-4BBE-89BD-6E5F58CFD90B}.Debug|x86.ActiveCfg = Debug|Any CPU
		{E5060BDA-AD43-4BBE-89BD-6E5F58CFD90B}.Debug|x86.Build.0 = Debug|Any CPU
		{E5060BDA-AD43-4BBE-89BD-6E5F58CFD90B}.Release|Any CPU.ActiveCfg = Release|Any CPU
		{E5060BDA-AD43-4BBE-89BD-6E5F58CFD90B}.Release|Any CPU.Build.0 = Release|Any CPU
		{E5060BDA-AD43-4BBE-89BD-6E5F58CFD90B}.Release|x64.ActiveCfg = Release|Any CPU
		{E5060BDA-AD43-4BBE-89BD-6E5F58CFD90B}.Release|x64.Build.0 = Release|Any CPU
		{E5060BDA-AD43-4BBE-89BD-6E5F58CFD90B}.Release|x86.ActiveCfg = Release|Any CPU
		{E5060BDA-AD43-4BBE-89BD-6E5F58CFD90B}.Release|x86.Build.0 = Release|Any CPU
		{C2FBFECB-92FE-4FBD-8DD0-456DDDB7D859}.Debug|Any CPU.ActiveCfg = Debug|Any CPU
		{C2FBFECB-92FE-4FBD-8DD0-456DDDB7D859}.Debug|Any CPU.Build.0 = Debug|Any CPU
		{C2FBFECB-92FE-4FBD-8DD0-456DDDB7D859}.Debug|x64.ActiveCfg = Debug|Any CPU
		{C2FBFECB-92FE-4FBD-8DD0-456DDDB7D859}.Debug|x64.Build.0 = Debug|Any CPU
		{C2FBFECB-92FE-4FBD-8DD0-456DDDB7D859}.Debug|x86.ActiveCfg = Debug|Any CPU
		{C2FBFECB-92FE-4FBD-8DD0-456DDDB7D859}.Debug|x86.Build.0 = Debug|Any CPU
		{C2FBFECB-92FE-4FBD-8DD0-456DDDB7D859}.Release|Any CPU.ActiveCfg = Release|Any CPU
		{C2FBFECB-92FE-4FBD-8DD0-456DDDB7D859}.Release|Any CPU.Build.0 = Release|Any CPU
		{C2FBFECB-92FE-4FBD-8DD0-456DDDB7D859}.Release|x64.ActiveCfg = Release|Any CPU
		{C2FBFECB-92FE-4FBD-8DD0-456DDDB7D859}.Release|x64.Build.0 = Release|Any CPU
		{C2FBFECB-92FE-4FBD-8DD0-456DDDB7D859}.Release|x86.ActiveCfg = Release|Any CPU
		{C2FBFECB-92FE-4FBD-8DD0-456DDDB7D859}.Release|x86.Build.0 = Release|Any CPU
		{206126F1-2CD3-44BF-B635-A3465B99B4D9}.Debug|Any CPU.ActiveCfg = Debug|Any CPU
		{206126F1-2CD3-44BF-B635-A3465B99B4D9}.Debug|Any CPU.Build.0 = Debug|Any CPU
		{206126F1-2CD3-44BF-B635-A3465B99B4D9}.Debug|x64.ActiveCfg = Debug|Any CPU
		{206126F1-2CD3-44BF-B635-A3465B99B4D9}.Debug|x64.Build.0 = Debug|Any CPU
		{206126F1-2CD3-44BF-B635-A3465B99B4D9}.Debug|x86.ActiveCfg = Debug|Any CPU
		{206126F1-2CD3-44BF-B635-A3465B99B4D9}.Debug|x86.Build.0 = Debug|Any CPU
		{206126F1-2CD3-44BF-B635-A3465B99B4D9}.Release|Any CPU.ActiveCfg = Release|Any CPU
		{206126F1-2CD3-44BF-B635-A3465B99B4D9}.Release|Any CPU.Build.0 = Release|Any CPU
		{206126F1-2CD3-44BF-B635-A3465B99B4D9}.Release|x64.ActiveCfg = Release|Any CPU
		{206126F1-2CD3-44BF-B635-A3465B99B4D9}.Release|x64.Build.0 = Release|Any CPU
		{206126F1-2CD3-44BF-B635-A3465B99B4D9}.Release|x86.ActiveCfg = Release|Any CPU
		{206126F1-2CD3-44BF-B635-A3465B99B4D9}.Release|x86.Build.0 = Release|Any CPU
		{730AB94C-2527-4902-9BAA-BB5491691162}.Debug|Any CPU.ActiveCfg = Debug|Any CPU
		{730AB94C-2527-4902-9BAA-BB5491691162}.Debug|Any CPU.Build.0 = Debug|Any CPU
		{730AB94C-2527-4902-9BAA-BB5491691162}.Debug|x64.ActiveCfg = Debug|Any CPU
		{730AB94C-2527-4902-9BAA-BB5491691162}.Debug|x64.Build.0 = Debug|Any CPU
		{730AB94C-2527-4902-9BAA-BB5491691162}.Debug|x86.ActiveCfg = Debug|Any CPU
		{730AB94C-2527-4902-9BAA-BB5491691162}.Debug|x86.Build.0 = Debug|Any CPU
		{730AB94C-2527-4902-9BAA-BB5491691162}.Release|Any CPU.ActiveCfg = Release|Any CPU
		{730AB94C-2527-4902-9BAA-BB5491691162}.Release|Any CPU.Build.0 = Release|Any CPU
		{730AB94C-2527-4902-9BAA-BB5491691162}.Release|x64.ActiveCfg = Release|Any CPU
		{730AB94C-2527-4902-9BAA-BB5491691162}.Release|x64.Build.0 = Release|Any CPU
		{730AB94C-2527-4902-9BAA-BB5491691162}.Release|x86.ActiveCfg = Release|Any CPU
		{730AB94C-2527-4902-9BAA-BB5491691162}.Release|x86.Build.0 = Release|Any CPU
		{91A0E861-4BD8-4F05-B776-0EE2CA00A3D7}.Debug|Any CPU.ActiveCfg = Debug|Any CPU
		{91A0E861-4BD8-4F05-B776-0EE2CA00A3D7}.Debug|Any CPU.Build.0 = Debug|Any CPU
		{91A0E861-4BD8-4F05-B776-0EE2CA00A3D7}.Debug|x64.ActiveCfg = Debug|Any CPU
		{91A0E861-4BD8-4F05-B776-0EE2CA00A3D7}.Debug|x64.Build.0 = Debug|Any CPU
		{91A0E861-4BD8-4F05-B776-0EE2CA00A3D7}.Debug|x86.ActiveCfg = Debug|Any CPU
		{91A0E861-4BD8-4F05-B776-0EE2CA00A3D7}.Debug|x86.Build.0 = Debug|Any CPU
		{91A0E861-4BD8-4F05-B776-0EE2CA00A3D7}.Release|Any CPU.ActiveCfg = Release|Any CPU
		{91A0E861-4BD8-4F05-B776-0EE2CA00A3D7}.Release|Any CPU.Build.0 = Release|Any CPU
		{91A0E861-4BD8-4F05-B776-0EE2CA00A3D7}.Release|x64.ActiveCfg = Release|Any CPU
		{91A0E861-4BD8-4F05-B776-0EE2CA00A3D7}.Release|x64.Build.0 = Release|Any CPU
		{91A0E861-4BD8-4F05-B776-0EE2CA00A3D7}.Release|x86.ActiveCfg = Release|Any CPU
		{91A0E861-4BD8-4F05-B776-0EE2CA00A3D7}.Release|x86.Build.0 = Release|Any CPU
		{31AA65DB-2B58-4B59-A1A2-96618D5D125D}.Debug|Any CPU.ActiveCfg = Debug|Any CPU
		{31AA65DB-2B58-4B59-A1A2-96618D5D125D}.Debug|Any CPU.Build.0 = Debug|Any CPU
		{31AA65DB-2B58-4B59-A1A2-96618D5D125D}.Debug|x64.ActiveCfg = Debug|Any CPU
		{31AA65DB-2B58-4B59-A1A2-96618D5D125D}.Debug|x64.Build.0 = Debug|Any CPU
		{31AA65DB-2B58-4B59-A1A2-96618D5D125D}.Debug|x86.ActiveCfg = Debug|Any CPU
		{31AA65DB-2B58-4B59-A1A2-96618D5D125D}.Debug|x86.Build.0 = Debug|Any CPU
		{31AA65DB-2B58-4B59-A1A2-96618D5D125D}.Release|Any CPU.ActiveCfg = Release|Any CPU
		{31AA65DB-2B58-4B59-A1A2-96618D5D125D}.Release|Any CPU.Build.0 = Release|Any CPU
		{31AA65DB-2B58-4B59-A1A2-96618D5D125D}.Release|x64.ActiveCfg = Release|Any CPU
		{31AA65DB-2B58-4B59-A1A2-96618D5D125D}.Release|x64.Build.0 = Release|Any CPU
		{31AA65DB-2B58-4B59-A1A2-96618D5D125D}.Release|x86.ActiveCfg = Release|Any CPU
		{31AA65DB-2B58-4B59-A1A2-96618D5D125D}.Release|x86.Build.0 = Release|Any CPU
		{B1FB368A-BF76-401B-B60C-269C54EE1FE0}.Debug|Any CPU.ActiveCfg = Debug|Any CPU
		{B1FB368A-BF76-401B-B60C-269C54EE1FE0}.Debug|Any CPU.Build.0 = Debug|Any CPU
		{B1FB368A-BF76-401B-B60C-269C54EE1FE0}.Debug|x64.ActiveCfg = Debug|Any CPU
		{B1FB368A-BF76-401B-B60C-269C54EE1FE0}.Debug|x64.Build.0 = Debug|Any CPU
		{B1FB368A-BF76-401B-B60C-269C54EE1FE0}.Debug|x86.ActiveCfg = Debug|Any CPU
		{B1FB368A-BF76-401B-B60C-269C54EE1FE0}.Debug|x86.Build.0 = Debug|Any CPU
		{B1FB368A-BF76-401B-B60C-269C54EE1FE0}.Release|Any CPU.ActiveCfg = Release|Any CPU
		{B1FB368A-BF76-401B-B60C-269C54EE1FE0}.Release|Any CPU.Build.0 = Release|Any CPU
		{B1FB368A-BF76-401B-B60C-269C54EE1FE0}.Release|x64.ActiveCfg = Release|Any CPU
		{B1FB368A-BF76-401B-B60C-269C54EE1FE0}.Release|x64.Build.0 = Release|Any CPU
		{B1FB368A-BF76-401B-B60C-269C54EE1FE0}.Release|x86.ActiveCfg = Release|Any CPU
		{B1FB368A-BF76-401B-B60C-269C54EE1FE0}.Release|x86.Build.0 = Release|Any CPU
		{FAC5648D-7B56-4E65-8EF0-B4EE138E6380}.Debug|Any CPU.ActiveCfg = Debug|Any CPU
		{FAC5648D-7B56-4E65-8EF0-B4EE138E6380}.Debug|Any CPU.Build.0 = Debug|Any CPU
		{FAC5648D-7B56-4E65-8EF0-B4EE138E6380}.Debug|x64.ActiveCfg = Debug|Any CPU
		{FAC5648D-7B56-4E65-8EF0-B4EE138E6380}.Debug|x64.Build.0 = Debug|Any CPU
		{FAC5648D-7B56-4E65-8EF0-B4EE138E6380}.Debug|x86.ActiveCfg = Debug|Any CPU
		{FAC5648D-7B56-4E65-8EF0-B4EE138E6380}.Debug|x86.Build.0 = Debug|Any CPU
		{FAC5648D-7B56-4E65-8EF0-B4EE138E6380}.Release|Any CPU.ActiveCfg = Release|Any CPU
		{FAC5648D-7B56-4E65-8EF0-B4EE138E6380}.Release|Any CPU.Build.0 = Release|Any CPU
		{FAC5648D-7B56-4E65-8EF0-B4EE138E6380}.Release|x64.ActiveCfg = Release|Any CPU
		{FAC5648D-7B56-4E65-8EF0-B4EE138E6380}.Release|x64.Build.0 = Release|Any CPU
		{FAC5648D-7B56-4E65-8EF0-B4EE138E6380}.Release|x86.ActiveCfg = Release|Any CPU
		{FAC5648D-7B56-4E65-8EF0-B4EE138E6380}.Release|x86.Build.0 = Release|Any CPU
		{0A8420E0-DDA4-46C1-8775-CDCEF53D8B46}.Debug|Any CPU.ActiveCfg = Debug|Any CPU
		{0A8420E0-DDA4-46C1-8775-CDCEF53D8B46}.Debug|Any CPU.Build.0 = Debug|Any CPU
		{0A8420E0-DDA4-46C1-8775-CDCEF53D8B46}.Debug|x64.ActiveCfg = Debug|Any CPU
		{0A8420E0-DDA4-46C1-8775-CDCEF53D8B46}.Debug|x64.Build.0 = Debug|Any CPU
		{0A8420E0-DDA4-46C1-8775-CDCEF53D8B46}.Debug|x86.ActiveCfg = Debug|Any CPU
		{0A8420E0-DDA4-46C1-8775-CDCEF53D8B46}.Debug|x86.Build.0 = Debug|Any CPU
		{0A8420E0-DDA4-46C1-8775-CDCEF53D8B46}.Release|Any CPU.ActiveCfg = Release|Any CPU
		{0A8420E0-DDA4-46C1-8775-CDCEF53D8B46}.Release|Any CPU.Build.0 = Release|Any CPU
		{0A8420E0-DDA4-46C1-8775-CDCEF53D8B46}.Release|x64.ActiveCfg = Release|Any CPU
		{0A8420E0-DDA4-46C1-8775-CDCEF53D8B46}.Release|x64.Build.0 = Release|Any CPU
		{0A8420E0-DDA4-46C1-8775-CDCEF53D8B46}.Release|x86.ActiveCfg = Release|Any CPU
		{0A8420E0-DDA4-46C1-8775-CDCEF53D8B46}.Release|x86.Build.0 = Release|Any CPU
		{E1C443E0-C2E4-4146-B964-8558E8F16FC2}.Debug|Any CPU.ActiveCfg = Debug|Any CPU
		{E1C443E0-C2E4-4146-B964-8558E8F16FC2}.Debug|Any CPU.Build.0 = Debug|Any CPU
		{E1C443E0-C2E4-4146-B964-8558E8F16FC2}.Debug|x64.ActiveCfg = Debug|Any CPU
		{E1C443E0-C2E4-4146-B964-8558E8F16FC2}.Debug|x64.Build.0 = Debug|Any CPU
		{E1C443E0-C2E4-4146-B964-8558E8F16FC2}.Debug|x86.ActiveCfg = Debug|Any CPU
		{E1C443E0-C2E4-4146-B964-8558E8F16FC2}.Debug|x86.Build.0 = Debug|Any CPU
		{E1C443E0-C2E4-4146-B964-8558E8F16FC2}.Release|Any CPU.ActiveCfg = Release|Any CPU
		{E1C443E0-C2E4-4146-B964-8558E8F16FC2}.Release|Any CPU.Build.0 = Release|Any CPU
		{E1C443E0-C2E4-4146-B964-8558E8F16FC2}.Release|x64.ActiveCfg = Release|Any CPU
		{E1C443E0-C2E4-4146-B964-8558E8F16FC2}.Release|x64.Build.0 = Release|Any CPU
		{E1C443E0-C2E4-4146-B964-8558E8F16FC2}.Release|x86.ActiveCfg = Release|Any CPU
		{E1C443E0-C2E4-4146-B964-8558E8F16FC2}.Release|x86.Build.0 = Release|Any CPU
		{ACD174D1-40A5-4F3B-ACD4-A4857753F5DE}.Debug|Any CPU.ActiveCfg = Debug|Any CPU
		{ACD174D1-40A5-4F3B-ACD4-A4857753F5DE}.Debug|Any CPU.Build.0 = Debug|Any CPU
		{ACD174D1-40A5-4F3B-ACD4-A4857753F5DE}.Debug|x64.ActiveCfg = Debug|Any CPU
		{ACD174D1-40A5-4F3B-ACD4-A4857753F5DE}.Debug|x64.Build.0 = Debug|Any CPU
		{ACD174D1-40A5-4F3B-ACD4-A4857753F5DE}.Debug|x86.ActiveCfg = Debug|Any CPU
		{ACD174D1-40A5-4F3B-ACD4-A4857753F5DE}.Debug|x86.Build.0 = Debug|Any CPU
		{ACD174D1-40A5-4F3B-ACD4-A4857753F5DE}.Release|Any CPU.ActiveCfg = Release|Any CPU
		{ACD174D1-40A5-4F3B-ACD4-A4857753F5DE}.Release|Any CPU.Build.0 = Release|Any CPU
		{ACD174D1-40A5-4F3B-ACD4-A4857753F5DE}.Release|x64.ActiveCfg = Release|Any CPU
		{ACD174D1-40A5-4F3B-ACD4-A4857753F5DE}.Release|x64.Build.0 = Release|Any CPU
		{ACD174D1-40A5-4F3B-ACD4-A4857753F5DE}.Release|x86.ActiveCfg = Release|Any CPU
		{ACD174D1-40A5-4F3B-ACD4-A4857753F5DE}.Release|x86.Build.0 = Release|Any CPU
		{DD53E4D6-08AB-41BD-B4A6-0348CCFCFCD8}.Debug|Any CPU.ActiveCfg = Debug|Any CPU
		{DD53E4D6-08AB-41BD-B4A6-0348CCFCFCD8}.Debug|Any CPU.Build.0 = Debug|Any CPU
		{DD53E4D6-08AB-41BD-B4A6-0348CCFCFCD8}.Debug|x64.ActiveCfg = Debug|Any CPU
		{DD53E4D6-08AB-41BD-B4A6-0348CCFCFCD8}.Debug|x64.Build.0 = Debug|Any CPU
		{DD53E4D6-08AB-41BD-B4A6-0348CCFCFCD8}.Debug|x86.ActiveCfg = Debug|Any CPU
		{DD53E4D6-08AB-41BD-B4A6-0348CCFCFCD8}.Debug|x86.Build.0 = Debug|Any CPU
		{DD53E4D6-08AB-41BD-B4A6-0348CCFCFCD8}.Release|Any CPU.ActiveCfg = Release|Any CPU
		{DD53E4D6-08AB-41BD-B4A6-0348CCFCFCD8}.Release|Any CPU.Build.0 = Release|Any CPU
		{DD53E4D6-08AB-41BD-B4A6-0348CCFCFCD8}.Release|x64.ActiveCfg = Release|Any CPU
		{DD53E4D6-08AB-41BD-B4A6-0348CCFCFCD8}.Release|x64.Build.0 = Release|Any CPU
		{DD53E4D6-08AB-41BD-B4A6-0348CCFCFCD8}.Release|x86.ActiveCfg = Release|Any CPU
		{DD53E4D6-08AB-41BD-B4A6-0348CCFCFCD8}.Release|x86.Build.0 = Release|Any CPU
		{3DD89E1D-E53C-414D-9C4F-73615A9FE0DB}.Debug|Any CPU.ActiveCfg = Debug|Any CPU
		{3DD89E1D-E53C-414D-9C4F-73615A9FE0DB}.Debug|Any CPU.Build.0 = Debug|Any CPU
		{3DD89E1D-E53C-414D-9C4F-73615A9FE0DB}.Debug|x64.ActiveCfg = Debug|Any CPU
		{3DD89E1D-E53C-414D-9C4F-73615A9FE0DB}.Debug|x64.Build.0 = Debug|Any CPU
		{3DD89E1D-E53C-414D-9C4F-73615A9FE0DB}.Debug|x86.ActiveCfg = Debug|Any CPU
		{3DD89E1D-E53C-414D-9C4F-73615A9FE0DB}.Debug|x86.Build.0 = Debug|Any CPU
		{3DD89E1D-E53C-414D-9C4F-73615A9FE0DB}.Release|Any CPU.ActiveCfg = Release|Any CPU
		{3DD89E1D-E53C-414D-9C4F-73615A9FE0DB}.Release|Any CPU.Build.0 = Release|Any CPU
		{3DD89E1D-E53C-414D-9C4F-73615A9FE0DB}.Release|x64.ActiveCfg = Release|Any CPU
		{3DD89E1D-E53C-414D-9C4F-73615A9FE0DB}.Release|x64.Build.0 = Release|Any CPU
		{3DD89E1D-E53C-414D-9C4F-73615A9FE0DB}.Release|x86.ActiveCfg = Release|Any CPU
		{3DD89E1D-E53C-414D-9C4F-73615A9FE0DB}.Release|x86.Build.0 = Release|Any CPU
		{373D52A2-DCA3-41BF-A7DE-8B464E03ED6A}.Debug|Any CPU.ActiveCfg = Debug|Any CPU
		{373D52A2-DCA3-41BF-A7DE-8B464E03ED6A}.Debug|Any CPU.Build.0 = Debug|Any CPU
		{373D52A2-DCA3-41BF-A7DE-8B464E03ED6A}.Debug|x64.ActiveCfg = Debug|Any CPU
		{373D52A2-DCA3-41BF-A7DE-8B464E03ED6A}.Debug|x64.Build.0 = Debug|Any CPU
		{373D52A2-DCA3-41BF-A7DE-8B464E03ED6A}.Debug|x86.ActiveCfg = Debug|Any CPU
		{373D52A2-DCA3-41BF-A7DE-8B464E03ED6A}.Debug|x86.Build.0 = Debug|Any CPU
		{373D52A2-DCA3-41BF-A7DE-8B464E03ED6A}.Release|Any CPU.ActiveCfg = Release|Any CPU
		{373D52A2-DCA3-41BF-A7DE-8B464E03ED6A}.Release|Any CPU.Build.0 = Release|Any CPU
		{373D52A2-DCA3-41BF-A7DE-8B464E03ED6A}.Release|x64.ActiveCfg = Release|Any CPU
		{373D52A2-DCA3-41BF-A7DE-8B464E03ED6A}.Release|x64.Build.0 = Release|Any CPU
		{373D52A2-DCA3-41BF-A7DE-8B464E03ED6A}.Release|x86.ActiveCfg = Release|Any CPU
		{373D52A2-DCA3-41BF-A7DE-8B464E03ED6A}.Release|x86.Build.0 = Release|Any CPU
		{E6F531F5-2E53-4B95-98D4-75F59189CF08}.Debug|Any CPU.ActiveCfg = Debug|Any CPU
		{E6F531F5-2E53-4B95-98D4-75F59189CF08}.Debug|Any CPU.Build.0 = Debug|Any CPU
		{E6F531F5-2E53-4B95-98D4-75F59189CF08}.Debug|x64.ActiveCfg = Debug|Any CPU
		{E6F531F5-2E53-4B95-98D4-75F59189CF08}.Debug|x64.Build.0 = Debug|Any CPU
		{E6F531F5-2E53-4B95-98D4-75F59189CF08}.Debug|x86.ActiveCfg = Debug|Any CPU
		{E6F531F5-2E53-4B95-98D4-75F59189CF08}.Debug|x86.Build.0 = Debug|Any CPU
		{E6F531F5-2E53-4B95-98D4-75F59189CF08}.Release|Any CPU.ActiveCfg = Release|Any CPU
		{E6F531F5-2E53-4B95-98D4-75F59189CF08}.Release|Any CPU.Build.0 = Release|Any CPU
		{E6F531F5-2E53-4B95-98D4-75F59189CF08}.Release|x64.ActiveCfg = Release|Any CPU
		{E6F531F5-2E53-4B95-98D4-75F59189CF08}.Release|x64.Build.0 = Release|Any CPU
		{E6F531F5-2E53-4B95-98D4-75F59189CF08}.Release|x86.ActiveCfg = Release|Any CPU
		{E6F531F5-2E53-4B95-98D4-75F59189CF08}.Release|x86.Build.0 = Release|Any CPU
		{D0D4BCDE-E6E3-4A49-BA64-4D9F5417C7BA}.Debug|Any CPU.ActiveCfg = Debug|Any CPU
		{D0D4BCDE-E6E3-4A49-BA64-4D9F5417C7BA}.Debug|Any CPU.Build.0 = Debug|Any CPU
		{D0D4BCDE-E6E3-4A49-BA64-4D9F5417C7BA}.Debug|x64.ActiveCfg = Debug|Any CPU
		{D0D4BCDE-E6E3-4A49-BA64-4D9F5417C7BA}.Debug|x64.Build.0 = Debug|Any CPU
		{D0D4BCDE-E6E3-4A49-BA64-4D9F5417C7BA}.Debug|x86.ActiveCfg = Debug|Any CPU
		{D0D4BCDE-E6E3-4A49-BA64-4D9F5417C7BA}.Debug|x86.Build.0 = Debug|Any CPU
		{D0D4BCDE-E6E3-4A49-BA64-4D9F5417C7BA}.Release|Any CPU.ActiveCfg = Release|Any CPU
		{D0D4BCDE-E6E3-4A49-BA64-4D9F5417C7BA}.Release|Any CPU.Build.0 = Release|Any CPU
		{D0D4BCDE-E6E3-4A49-BA64-4D9F5417C7BA}.Release|x64.ActiveCfg = Release|Any CPU
		{D0D4BCDE-E6E3-4A49-BA64-4D9F5417C7BA}.Release|x64.Build.0 = Release|Any CPU
		{D0D4BCDE-E6E3-4A49-BA64-4D9F5417C7BA}.Release|x86.ActiveCfg = Release|Any CPU
		{D0D4BCDE-E6E3-4A49-BA64-4D9F5417C7BA}.Release|x86.Build.0 = Release|Any CPU
		{F0E82BD3-CDD8-4AAC-A92F-F1DC3C75A158}.Debug|Any CPU.ActiveCfg = Debug|Any CPU
		{F0E82BD3-CDD8-4AAC-A92F-F1DC3C75A158}.Debug|Any CPU.Build.0 = Debug|Any CPU
		{F0E82BD3-CDD8-4AAC-A92F-F1DC3C75A158}.Debug|x64.ActiveCfg = Debug|Any CPU
		{F0E82BD3-CDD8-4AAC-A92F-F1DC3C75A158}.Debug|x64.Build.0 = Debug|Any CPU
		{F0E82BD3-CDD8-4AAC-A92F-F1DC3C75A158}.Debug|x86.ActiveCfg = Debug|Any CPU
		{F0E82BD3-CDD8-4AAC-A92F-F1DC3C75A158}.Debug|x86.Build.0 = Debug|Any CPU
		{F0E82BD3-CDD8-4AAC-A92F-F1DC3C75A158}.Release|Any CPU.ActiveCfg = Release|Any CPU
		{F0E82BD3-CDD8-4AAC-A92F-F1DC3C75A158}.Release|Any CPU.Build.0 = Release|Any CPU
		{F0E82BD3-CDD8-4AAC-A92F-F1DC3C75A158}.Release|x64.ActiveCfg = Release|Any CPU
		{F0E82BD3-CDD8-4AAC-A92F-F1DC3C75A158}.Release|x64.Build.0 = Release|Any CPU
		{F0E82BD3-CDD8-4AAC-A92F-F1DC3C75A158}.Release|x86.ActiveCfg = Release|Any CPU
		{F0E82BD3-CDD8-4AAC-A92F-F1DC3C75A158}.Release|x86.Build.0 = Release|Any CPU
		{B69616B3-7155-4FEC-978F-6345CA885231}.Debug|Any CPU.ActiveCfg = Debug|Any CPU
		{B69616B3-7155-4FEC-978F-6345CA885231}.Debug|Any CPU.Build.0 = Debug|Any CPU
		{B69616B3-7155-4FEC-978F-6345CA885231}.Debug|x64.ActiveCfg = Debug|Any CPU
		{B69616B3-7155-4FEC-978F-6345CA885231}.Debug|x64.Build.0 = Debug|Any CPU
		{B69616B3-7155-4FEC-978F-6345CA885231}.Debug|x86.ActiveCfg = Debug|Any CPU
		{B69616B3-7155-4FEC-978F-6345CA885231}.Debug|x86.Build.0 = Debug|Any CPU
		{B69616B3-7155-4FEC-978F-6345CA885231}.Release|Any CPU.ActiveCfg = Release|Any CPU
		{B69616B3-7155-4FEC-978F-6345CA885231}.Release|Any CPU.Build.0 = Release|Any CPU
		{B69616B3-7155-4FEC-978F-6345CA885231}.Release|x64.ActiveCfg = Release|Any CPU
		{B69616B3-7155-4FEC-978F-6345CA885231}.Release|x64.Build.0 = Release|Any CPU
		{B69616B3-7155-4FEC-978F-6345CA885231}.Release|x86.ActiveCfg = Release|Any CPU
		{B69616B3-7155-4FEC-978F-6345CA885231}.Release|x86.Build.0 = Release|Any CPU
		{0FAB3E5A-C695-4E8A-9438-9410C13FF382}.Debug|Any CPU.ActiveCfg = Debug|Any CPU
		{0FAB3E5A-C695-4E8A-9438-9410C13FF382}.Debug|Any CPU.Build.0 = Debug|Any CPU
		{0FAB3E5A-C695-4E8A-9438-9410C13FF382}.Debug|x64.ActiveCfg = Debug|Any CPU
		{0FAB3E5A-C695-4E8A-9438-9410C13FF382}.Debug|x64.Build.0 = Debug|Any CPU
		{0FAB3E5A-C695-4E8A-9438-9410C13FF382}.Debug|x86.ActiveCfg = Debug|Any CPU
		{0FAB3E5A-C695-4E8A-9438-9410C13FF382}.Debug|x86.Build.0 = Debug|Any CPU
		{0FAB3E5A-C695-4E8A-9438-9410C13FF382}.Release|Any CPU.ActiveCfg = Release|Any CPU
		{0FAB3E5A-C695-4E8A-9438-9410C13FF382}.Release|Any CPU.Build.0 = Release|Any CPU
		{0FAB3E5A-C695-4E8A-9438-9410C13FF382}.Release|x64.ActiveCfg = Release|Any CPU
		{0FAB3E5A-C695-4E8A-9438-9410C13FF382}.Release|x64.Build.0 = Release|Any CPU
		{0FAB3E5A-C695-4E8A-9438-9410C13FF382}.Release|x86.ActiveCfg = Release|Any CPU
		{0FAB3E5A-C695-4E8A-9438-9410C13FF382}.Release|x86.Build.0 = Release|Any CPU
		{85D6A409-296E-4739-99B1-92C841ADB5F6}.Debug|Any CPU.ActiveCfg = Debug|Any CPU
		{85D6A409-296E-4739-99B1-92C841ADB5F6}.Debug|Any CPU.Build.0 = Debug|Any CPU
		{85D6A409-296E-4739-99B1-92C841ADB5F6}.Debug|x64.ActiveCfg = Debug|Any CPU
		{85D6A409-296E-4739-99B1-92C841ADB5F6}.Debug|x64.Build.0 = Debug|Any CPU
		{85D6A409-296E-4739-99B1-92C841ADB5F6}.Debug|x86.ActiveCfg = Debug|Any CPU
		{85D6A409-296E-4739-99B1-92C841ADB5F6}.Debug|x86.Build.0 = Debug|Any CPU
		{85D6A409-296E-4739-99B1-92C841ADB5F6}.Release|Any CPU.ActiveCfg = Release|Any CPU
		{85D6A409-296E-4739-99B1-92C841ADB5F6}.Release|Any CPU.Build.0 = Release|Any CPU
		{85D6A409-296E-4739-99B1-92C841ADB5F6}.Release|x64.ActiveCfg = Release|Any CPU
		{85D6A409-296E-4739-99B1-92C841ADB5F6}.Release|x64.Build.0 = Release|Any CPU
		{85D6A409-296E-4739-99B1-92C841ADB5F6}.Release|x86.ActiveCfg = Release|Any CPU
		{85D6A409-296E-4739-99B1-92C841ADB5F6}.Release|x86.Build.0 = Release|Any CPU
		{C566CEC3-9098-4A2B-BB7E-C74CD316EFEE}.Debug|Any CPU.ActiveCfg = Debug|Any CPU
		{C566CEC3-9098-4A2B-BB7E-C74CD316EFEE}.Debug|Any CPU.Build.0 = Debug|Any CPU
		{C566CEC3-9098-4A2B-BB7E-C74CD316EFEE}.Debug|x64.ActiveCfg = Debug|Any CPU
		{C566CEC3-9098-4A2B-BB7E-C74CD316EFEE}.Debug|x64.Build.0 = Debug|Any CPU
		{C566CEC3-9098-4A2B-BB7E-C74CD316EFEE}.Debug|x86.ActiveCfg = Debug|Any CPU
		{C566CEC3-9098-4A2B-BB7E-C74CD316EFEE}.Debug|x86.Build.0 = Debug|Any CPU
		{C566CEC3-9098-4A2B-BB7E-C74CD316EFEE}.Release|Any CPU.ActiveCfg = Release|Any CPU
		{C566CEC3-9098-4A2B-BB7E-C74CD316EFEE}.Release|Any CPU.Build.0 = Release|Any CPU
		{C566CEC3-9098-4A2B-BB7E-C74CD316EFEE}.Release|x64.ActiveCfg = Release|Any CPU
		{C566CEC3-9098-4A2B-BB7E-C74CD316EFEE}.Release|x64.Build.0 = Release|Any CPU
		{C566CEC3-9098-4A2B-BB7E-C74CD316EFEE}.Release|x86.ActiveCfg = Release|Any CPU
		{C566CEC3-9098-4A2B-BB7E-C74CD316EFEE}.Release|x86.Build.0 = Release|Any CPU
		{A0394677-EA1B-4B0C-9B00-88FF3FB5FBFA}.Debug|Any CPU.ActiveCfg = Debug|Any CPU
		{A0394677-EA1B-4B0C-9B00-88FF3FB5FBFA}.Debug|Any CPU.Build.0 = Debug|Any CPU
		{A0394677-EA1B-4B0C-9B00-88FF3FB5FBFA}.Debug|x64.ActiveCfg = Debug|Any CPU
		{A0394677-EA1B-4B0C-9B00-88FF3FB5FBFA}.Debug|x64.Build.0 = Debug|Any CPU
		{A0394677-EA1B-4B0C-9B00-88FF3FB5FBFA}.Debug|x86.ActiveCfg = Debug|Any CPU
		{A0394677-EA1B-4B0C-9B00-88FF3FB5FBFA}.Debug|x86.Build.0 = Debug|Any CPU
		{A0394677-EA1B-4B0C-9B00-88FF3FB5FBFA}.Release|Any CPU.ActiveCfg = Release|Any CPU
		{A0394677-EA1B-4B0C-9B00-88FF3FB5FBFA}.Release|Any CPU.Build.0 = Release|Any CPU
		{A0394677-EA1B-4B0C-9B00-88FF3FB5FBFA}.Release|x64.ActiveCfg = Release|Any CPU
		{A0394677-EA1B-4B0C-9B00-88FF3FB5FBFA}.Release|x64.Build.0 = Release|Any CPU
		{A0394677-EA1B-4B0C-9B00-88FF3FB5FBFA}.Release|x86.ActiveCfg = Release|Any CPU
		{A0394677-EA1B-4B0C-9B00-88FF3FB5FBFA}.Release|x86.Build.0 = Release|Any CPU
		{0977A8C3-CB26-4A1B-BC18-421A9713E326}.Debug|Any CPU.ActiveCfg = Debug|Any CPU
		{0977A8C3-CB26-4A1B-BC18-421A9713E326}.Debug|Any CPU.Build.0 = Debug|Any CPU
		{0977A8C3-CB26-4A1B-BC18-421A9713E326}.Debug|x64.ActiveCfg = Debug|Any CPU
		{0977A8C3-CB26-4A1B-BC18-421A9713E326}.Debug|x64.Build.0 = Debug|Any CPU
		{0977A8C3-CB26-4A1B-BC18-421A9713E326}.Debug|x86.ActiveCfg = Debug|Any CPU
		{0977A8C3-CB26-4A1B-BC18-421A9713E326}.Debug|x86.Build.0 = Debug|Any CPU
		{0977A8C3-CB26-4A1B-BC18-421A9713E326}.Release|Any CPU.ActiveCfg = Release|Any CPU
		{0977A8C3-CB26-4A1B-BC18-421A9713E326}.Release|Any CPU.Build.0 = Release|Any CPU
		{0977A8C3-CB26-4A1B-BC18-421A9713E326}.Release|x64.ActiveCfg = Release|Any CPU
		{0977A8C3-CB26-4A1B-BC18-421A9713E326}.Release|x64.Build.0 = Release|Any CPU
		{0977A8C3-CB26-4A1B-BC18-421A9713E326}.Release|x86.ActiveCfg = Release|Any CPU
		{0977A8C3-CB26-4A1B-BC18-421A9713E326}.Release|x86.Build.0 = Release|Any CPU
		{59D04569-6D3A-48D1-BDC2-63E214F7C704}.Debug|Any CPU.ActiveCfg = Debug|Any CPU
		{59D04569-6D3A-48D1-BDC2-63E214F7C704}.Debug|Any CPU.Build.0 = Debug|Any CPU
		{59D04569-6D3A-48D1-BDC2-63E214F7C704}.Debug|x64.ActiveCfg = Debug|Any CPU
		{59D04569-6D3A-48D1-BDC2-63E214F7C704}.Debug|x64.Build.0 = Debug|Any CPU
		{59D04569-6D3A-48D1-BDC2-63E214F7C704}.Debug|x86.ActiveCfg = Debug|Any CPU
		{59D04569-6D3A-48D1-BDC2-63E214F7C704}.Debug|x86.Build.0 = Debug|Any CPU
		{59D04569-6D3A-48D1-BDC2-63E214F7C704}.Release|Any CPU.ActiveCfg = Release|Any CPU
		{59D04569-6D3A-48D1-BDC2-63E214F7C704}.Release|Any CPU.Build.0 = Release|Any CPU
		{59D04569-6D3A-48D1-BDC2-63E214F7C704}.Release|x64.ActiveCfg = Release|Any CPU
		{59D04569-6D3A-48D1-BDC2-63E214F7C704}.Release|x64.Build.0 = Release|Any CPU
		{59D04569-6D3A-48D1-BDC2-63E214F7C704}.Release|x86.ActiveCfg = Release|Any CPU
		{59D04569-6D3A-48D1-BDC2-63E214F7C704}.Release|x86.Build.0 = Release|Any CPU
		{662C464F-A3D3-4DE9-B0D6-D68D5AD92BE6}.Debug|Any CPU.ActiveCfg = Debug|Any CPU
		{662C464F-A3D3-4DE9-B0D6-D68D5AD92BE6}.Debug|Any CPU.Build.0 = Debug|Any CPU
		{662C464F-A3D3-4DE9-B0D6-D68D5AD92BE6}.Debug|x64.ActiveCfg = Debug|Any CPU
		{662C464F-A3D3-4DE9-B0D6-D68D5AD92BE6}.Debug|x64.Build.0 = Debug|Any CPU
		{662C464F-A3D3-4DE9-B0D6-D68D5AD92BE6}.Debug|x86.ActiveCfg = Debug|Any CPU
		{662C464F-A3D3-4DE9-B0D6-D68D5AD92BE6}.Debug|x86.Build.0 = Debug|Any CPU
		{662C464F-A3D3-4DE9-B0D6-D68D5AD92BE6}.Release|Any CPU.ActiveCfg = Release|Any CPU
		{662C464F-A3D3-4DE9-B0D6-D68D5AD92BE6}.Release|Any CPU.Build.0 = Release|Any CPU
		{662C464F-A3D3-4DE9-B0D6-D68D5AD92BE6}.Release|x64.ActiveCfg = Release|Any CPU
		{662C464F-A3D3-4DE9-B0D6-D68D5AD92BE6}.Release|x64.Build.0 = Release|Any CPU
		{662C464F-A3D3-4DE9-B0D6-D68D5AD92BE6}.Release|x86.ActiveCfg = Release|Any CPU
		{662C464F-A3D3-4DE9-B0D6-D68D5AD92BE6}.Release|x86.Build.0 = Release|Any CPU
		{CC494608-D70D-42E9-9E8B-6259792E7091}.Debug|Any CPU.ActiveCfg = Debug|Any CPU
		{CC494608-D70D-42E9-9E8B-6259792E7091}.Debug|Any CPU.Build.0 = Debug|Any CPU
		{CC494608-D70D-42E9-9E8B-6259792E7091}.Debug|x64.ActiveCfg = Debug|Any CPU
		{CC494608-D70D-42E9-9E8B-6259792E7091}.Debug|x64.Build.0 = Debug|Any CPU
		{CC494608-D70D-42E9-9E8B-6259792E7091}.Debug|x86.ActiveCfg = Debug|Any CPU
		{CC494608-D70D-42E9-9E8B-6259792E7091}.Debug|x86.Build.0 = Debug|Any CPU
		{CC494608-D70D-42E9-9E8B-6259792E7091}.Release|Any CPU.ActiveCfg = Release|Any CPU
		{CC494608-D70D-42E9-9E8B-6259792E7091}.Release|Any CPU.Build.0 = Release|Any CPU
		{CC494608-D70D-42E9-9E8B-6259792E7091}.Release|x64.ActiveCfg = Release|Any CPU
		{CC494608-D70D-42E9-9E8B-6259792E7091}.Release|x64.Build.0 = Release|Any CPU
		{CC494608-D70D-42E9-9E8B-6259792E7091}.Release|x86.ActiveCfg = Release|Any CPU
		{CC494608-D70D-42E9-9E8B-6259792E7091}.Release|x86.Build.0 = Release|Any CPU
		{4453B56E-8EC9-43B6-9B71-603F88F196FC}.Debug|Any CPU.ActiveCfg = Debug|Any CPU
		{4453B56E-8EC9-43B6-9B71-603F88F196FC}.Debug|Any CPU.Build.0 = Debug|Any CPU
		{4453B56E-8EC9-43B6-9B71-603F88F196FC}.Debug|x64.ActiveCfg = Debug|Any CPU
		{4453B56E-8EC9-43B6-9B71-603F88F196FC}.Debug|x64.Build.0 = Debug|Any CPU
		{4453B56E-8EC9-43B6-9B71-603F88F196FC}.Debug|x86.ActiveCfg = Debug|Any CPU
		{4453B56E-8EC9-43B6-9B71-603F88F196FC}.Debug|x86.Build.0 = Debug|Any CPU
		{4453B56E-8EC9-43B6-9B71-603F88F196FC}.Release|Any CPU.ActiveCfg = Release|Any CPU
		{4453B56E-8EC9-43B6-9B71-603F88F196FC}.Release|Any CPU.Build.0 = Release|Any CPU
		{4453B56E-8EC9-43B6-9B71-603F88F196FC}.Release|x64.ActiveCfg = Release|Any CPU
		{4453B56E-8EC9-43B6-9B71-603F88F196FC}.Release|x64.Build.0 = Release|Any CPU
		{4453B56E-8EC9-43B6-9B71-603F88F196FC}.Release|x86.ActiveCfg = Release|Any CPU
		{4453B56E-8EC9-43B6-9B71-603F88F196FC}.Release|x86.Build.0 = Release|Any CPU
		{223A0238-5B41-46A8-859B-264A2C32DFF1}.Debug|Any CPU.ActiveCfg = Debug|Any CPU
		{223A0238-5B41-46A8-859B-264A2C32DFF1}.Debug|Any CPU.Build.0 = Debug|Any CPU
		{223A0238-5B41-46A8-859B-264A2C32DFF1}.Debug|x64.ActiveCfg = Debug|Any CPU
		{223A0238-5B41-46A8-859B-264A2C32DFF1}.Debug|x64.Build.0 = Debug|Any CPU
		{223A0238-5B41-46A8-859B-264A2C32DFF1}.Debug|x86.ActiveCfg = Debug|Any CPU
		{223A0238-5B41-46A8-859B-264A2C32DFF1}.Debug|x86.Build.0 = Debug|Any CPU
		{223A0238-5B41-46A8-859B-264A2C32DFF1}.Release|Any CPU.ActiveCfg = Release|Any CPU
		{223A0238-5B41-46A8-859B-264A2C32DFF1}.Release|Any CPU.Build.0 = Release|Any CPU
		{223A0238-5B41-46A8-859B-264A2C32DFF1}.Release|x64.ActiveCfg = Release|Any CPU
		{223A0238-5B41-46A8-859B-264A2C32DFF1}.Release|x64.Build.0 = Release|Any CPU
		{223A0238-5B41-46A8-859B-264A2C32DFF1}.Release|x86.ActiveCfg = Release|Any CPU
		{223A0238-5B41-46A8-859B-264A2C32DFF1}.Release|x86.Build.0 = Release|Any CPU
		{A411B672-976A-4A20-A5C2-CF95260F66CB}.Debug|Any CPU.ActiveCfg = Debug|Any CPU
		{A411B672-976A-4A20-A5C2-CF95260F66CB}.Debug|Any CPU.Build.0 = Debug|Any CPU
		{A411B672-976A-4A20-A5C2-CF95260F66CB}.Debug|x64.ActiveCfg = Debug|Any CPU
		{A411B672-976A-4A20-A5C2-CF95260F66CB}.Debug|x64.Build.0 = Debug|Any CPU
		{A411B672-976A-4A20-A5C2-CF95260F66CB}.Debug|x86.ActiveCfg = Debug|Any CPU
		{A411B672-976A-4A20-A5C2-CF95260F66CB}.Debug|x86.Build.0 = Debug|Any CPU
		{A411B672-976A-4A20-A5C2-CF95260F66CB}.Release|Any CPU.ActiveCfg = Release|Any CPU
		{A411B672-976A-4A20-A5C2-CF95260F66CB}.Release|Any CPU.Build.0 = Release|Any CPU
		{A411B672-976A-4A20-A5C2-CF95260F66CB}.Release|x64.ActiveCfg = Release|Any CPU
		{A411B672-976A-4A20-A5C2-CF95260F66CB}.Release|x64.Build.0 = Release|Any CPU
		{A411B672-976A-4A20-A5C2-CF95260F66CB}.Release|x86.ActiveCfg = Release|Any CPU
		{A411B672-976A-4A20-A5C2-CF95260F66CB}.Release|x86.Build.0 = Release|Any CPU
		{5CCE14A8-6B76-4B0A-A966-B51BB6E29BC0}.Debug|Any CPU.ActiveCfg = Debug|Any CPU
		{5CCE14A8-6B76-4B0A-A966-B51BB6E29BC0}.Debug|Any CPU.Build.0 = Debug|Any CPU
		{5CCE14A8-6B76-4B0A-A966-B51BB6E29BC0}.Debug|x64.ActiveCfg = Debug|Any CPU
		{5CCE14A8-6B76-4B0A-A966-B51BB6E29BC0}.Debug|x64.Build.0 = Debug|Any CPU
		{5CCE14A8-6B76-4B0A-A966-B51BB6E29BC0}.Debug|x86.ActiveCfg = Debug|Any CPU
		{5CCE14A8-6B76-4B0A-A966-B51BB6E29BC0}.Debug|x86.Build.0 = Debug|Any CPU
		{5CCE14A8-6B76-4B0A-A966-B51BB6E29BC0}.Release|Any CPU.ActiveCfg = Release|Any CPU
		{5CCE14A8-6B76-4B0A-A966-B51BB6E29BC0}.Release|Any CPU.Build.0 = Release|Any CPU
		{5CCE14A8-6B76-4B0A-A966-B51BB6E29BC0}.Release|x64.ActiveCfg = Release|Any CPU
		{5CCE14A8-6B76-4B0A-A966-B51BB6E29BC0}.Release|x64.Build.0 = Release|Any CPU
		{5CCE14A8-6B76-4B0A-A966-B51BB6E29BC0}.Release|x86.ActiveCfg = Release|Any CPU
		{5CCE14A8-6B76-4B0A-A966-B51BB6E29BC0}.Release|x86.Build.0 = Release|Any CPU
		{4FDFCB97-2B48-44AC-87D3-D53D2777A223}.Debug|Any CPU.ActiveCfg = Debug|Any CPU
		{4FDFCB97-2B48-44AC-87D3-D53D2777A223}.Debug|Any CPU.Build.0 = Debug|Any CPU
		{4FDFCB97-2B48-44AC-87D3-D53D2777A223}.Debug|x64.ActiveCfg = Debug|Any CPU
		{4FDFCB97-2B48-44AC-87D3-D53D2777A223}.Debug|x64.Build.0 = Debug|Any CPU
		{4FDFCB97-2B48-44AC-87D3-D53D2777A223}.Debug|x86.ActiveCfg = Debug|Any CPU
		{4FDFCB97-2B48-44AC-87D3-D53D2777A223}.Debug|x86.Build.0 = Debug|Any CPU
		{4FDFCB97-2B48-44AC-87D3-D53D2777A223}.Release|Any CPU.ActiveCfg = Release|Any CPU
		{4FDFCB97-2B48-44AC-87D3-D53D2777A223}.Release|Any CPU.Build.0 = Release|Any CPU
		{4FDFCB97-2B48-44AC-87D3-D53D2777A223}.Release|x64.ActiveCfg = Release|Any CPU
		{4FDFCB97-2B48-44AC-87D3-D53D2777A223}.Release|x64.Build.0 = Release|Any CPU
		{4FDFCB97-2B48-44AC-87D3-D53D2777A223}.Release|x86.ActiveCfg = Release|Any CPU
		{4FDFCB97-2B48-44AC-87D3-D53D2777A223}.Release|x86.Build.0 = Release|Any CPU
		{79069E02-7C80-4930-97DF-82D320F42FC9}.Debug|Any CPU.ActiveCfg = Debug|Any CPU
		{79069E02-7C80-4930-97DF-82D320F42FC9}.Debug|Any CPU.Build.0 = Debug|Any CPU
		{79069E02-7C80-4930-97DF-82D320F42FC9}.Debug|x64.ActiveCfg = Debug|Any CPU
		{79069E02-7C80-4930-97DF-82D320F42FC9}.Debug|x64.Build.0 = Debug|Any CPU
		{79069E02-7C80-4930-97DF-82D320F42FC9}.Debug|x86.ActiveCfg = Debug|Any CPU
		{79069E02-7C80-4930-97DF-82D320F42FC9}.Debug|x86.Build.0 = Debug|Any CPU
		{79069E02-7C80-4930-97DF-82D320F42FC9}.Release|Any CPU.ActiveCfg = Release|Any CPU
		{79069E02-7C80-4930-97DF-82D320F42FC9}.Release|Any CPU.Build.0 = Release|Any CPU
		{79069E02-7C80-4930-97DF-82D320F42FC9}.Release|x64.ActiveCfg = Release|Any CPU
		{79069E02-7C80-4930-97DF-82D320F42FC9}.Release|x64.Build.0 = Release|Any CPU
		{79069E02-7C80-4930-97DF-82D320F42FC9}.Release|x86.ActiveCfg = Release|Any CPU
		{79069E02-7C80-4930-97DF-82D320F42FC9}.Release|x86.Build.0 = Release|Any CPU
		{25FB0731-6CCB-4796-A93F-1DD7D476F30F}.Debug|Any CPU.ActiveCfg = Debug|Any CPU
		{25FB0731-6CCB-4796-A93F-1DD7D476F30F}.Debug|Any CPU.Build.0 = Debug|Any CPU
		{25FB0731-6CCB-4796-A93F-1DD7D476F30F}.Debug|x64.ActiveCfg = Debug|Any CPU
		{25FB0731-6CCB-4796-A93F-1DD7D476F30F}.Debug|x64.Build.0 = Debug|Any CPU
		{25FB0731-6CCB-4796-A93F-1DD7D476F30F}.Debug|x86.ActiveCfg = Debug|Any CPU
		{25FB0731-6CCB-4796-A93F-1DD7D476F30F}.Debug|x86.Build.0 = Debug|Any CPU
		{25FB0731-6CCB-4796-A93F-1DD7D476F30F}.Release|Any CPU.ActiveCfg = Release|Any CPU
		{25FB0731-6CCB-4796-A93F-1DD7D476F30F}.Release|Any CPU.Build.0 = Release|Any CPU
		{25FB0731-6CCB-4796-A93F-1DD7D476F30F}.Release|x64.ActiveCfg = Release|Any CPU
		{25FB0731-6CCB-4796-A93F-1DD7D476F30F}.Release|x64.Build.0 = Release|Any CPU
		{25FB0731-6CCB-4796-A93F-1DD7D476F30F}.Release|x86.ActiveCfg = Release|Any CPU
		{25FB0731-6CCB-4796-A93F-1DD7D476F30F}.Release|x86.Build.0 = Release|Any CPU
		{AE069C3E-DE2D-4737-8CA0-E47B2710C135}.Debug|Any CPU.ActiveCfg = Debug|Any CPU
		{AE069C3E-DE2D-4737-8CA0-E47B2710C135}.Debug|Any CPU.Build.0 = Debug|Any CPU
		{AE069C3E-DE2D-4737-8CA0-E47B2710C135}.Debug|x64.ActiveCfg = Debug|Any CPU
		{AE069C3E-DE2D-4737-8CA0-E47B2710C135}.Debug|x64.Build.0 = Debug|Any CPU
		{AE069C3E-DE2D-4737-8CA0-E47B2710C135}.Debug|x86.ActiveCfg = Debug|Any CPU
		{AE069C3E-DE2D-4737-8CA0-E47B2710C135}.Debug|x86.Build.0 = Debug|Any CPU
		{AE069C3E-DE2D-4737-8CA0-E47B2710C135}.Release|Any CPU.ActiveCfg = Release|Any CPU
		{AE069C3E-DE2D-4737-8CA0-E47B2710C135}.Release|Any CPU.Build.0 = Release|Any CPU
		{AE069C3E-DE2D-4737-8CA0-E47B2710C135}.Release|x64.ActiveCfg = Release|Any CPU
		{AE069C3E-DE2D-4737-8CA0-E47B2710C135}.Release|x64.Build.0 = Release|Any CPU
		{AE069C3E-DE2D-4737-8CA0-E47B2710C135}.Release|x86.ActiveCfg = Release|Any CPU
		{AE069C3E-DE2D-4737-8CA0-E47B2710C135}.Release|x86.Build.0 = Release|Any CPU
		{8789349C-266A-4FE3-B5E2-EC8FBCFA1362}.Debug|Any CPU.ActiveCfg = Debug|Any CPU
		{8789349C-266A-4FE3-B5E2-EC8FBCFA1362}.Debug|Any CPU.Build.0 = Debug|Any CPU
		{8789349C-266A-4FE3-B5E2-EC8FBCFA1362}.Debug|x64.ActiveCfg = Debug|Any CPU
		{8789349C-266A-4FE3-B5E2-EC8FBCFA1362}.Debug|x64.Build.0 = Debug|Any CPU
		{8789349C-266A-4FE3-B5E2-EC8FBCFA1362}.Debug|x86.ActiveCfg = Debug|Any CPU
		{8789349C-266A-4FE3-B5E2-EC8FBCFA1362}.Debug|x86.Build.0 = Debug|Any CPU
		{8789349C-266A-4FE3-B5E2-EC8FBCFA1362}.Release|Any CPU.ActiveCfg = Release|Any CPU
		{8789349C-266A-4FE3-B5E2-EC8FBCFA1362}.Release|Any CPU.Build.0 = Release|Any CPU
		{8789349C-266A-4FE3-B5E2-EC8FBCFA1362}.Release|x64.ActiveCfg = Release|Any CPU
		{8789349C-266A-4FE3-B5E2-EC8FBCFA1362}.Release|x64.Build.0 = Release|Any CPU
		{8789349C-266A-4FE3-B5E2-EC8FBCFA1362}.Release|x86.ActiveCfg = Release|Any CPU
		{8789349C-266A-4FE3-B5E2-EC8FBCFA1362}.Release|x86.Build.0 = Release|Any CPU
		{B23426C4-BE04-4696-A087-C9253953BF5B}.Debug|Any CPU.ActiveCfg = Debug|Any CPU
		{B23426C4-BE04-4696-A087-C9253953BF5B}.Debug|Any CPU.Build.0 = Debug|Any CPU
		{B23426C4-BE04-4696-A087-C9253953BF5B}.Debug|x64.ActiveCfg = Debug|Any CPU
		{B23426C4-BE04-4696-A087-C9253953BF5B}.Debug|x64.Build.0 = Debug|Any CPU
		{B23426C4-BE04-4696-A087-C9253953BF5B}.Debug|x86.ActiveCfg = Debug|Any CPU
		{B23426C4-BE04-4696-A087-C9253953BF5B}.Debug|x86.Build.0 = Debug|Any CPU
		{B23426C4-BE04-4696-A087-C9253953BF5B}.Release|Any CPU.ActiveCfg = Release|Any CPU
		{B23426C4-BE04-4696-A087-C9253953BF5B}.Release|Any CPU.Build.0 = Release|Any CPU
		{B23426C4-BE04-4696-A087-C9253953BF5B}.Release|x64.ActiveCfg = Release|Any CPU
		{B23426C4-BE04-4696-A087-C9253953BF5B}.Release|x64.Build.0 = Release|Any CPU
		{B23426C4-BE04-4696-A087-C9253953BF5B}.Release|x86.ActiveCfg = Release|Any CPU
		{B23426C4-BE04-4696-A087-C9253953BF5B}.Release|x86.Build.0 = Release|Any CPU
		{5780EA4D-7493-4FA1-AC73-B6AB371D73B6}.Debug|Any CPU.ActiveCfg = Debug|Any CPU
		{5780EA4D-7493-4FA1-AC73-B6AB371D73B6}.Debug|Any CPU.Build.0 = Debug|Any CPU
		{5780EA4D-7493-4FA1-AC73-B6AB371D73B6}.Debug|x64.ActiveCfg = Debug|Any CPU
		{5780EA4D-7493-4FA1-AC73-B6AB371D73B6}.Debug|x64.Build.0 = Debug|Any CPU
		{5780EA4D-7493-4FA1-AC73-B6AB371D73B6}.Debug|x86.ActiveCfg = Debug|Any CPU
		{5780EA4D-7493-4FA1-AC73-B6AB371D73B6}.Debug|x86.Build.0 = Debug|Any CPU
		{5780EA4D-7493-4FA1-AC73-B6AB371D73B6}.Release|Any CPU.ActiveCfg = Release|Any CPU
		{5780EA4D-7493-4FA1-AC73-B6AB371D73B6}.Release|Any CPU.Build.0 = Release|Any CPU
		{5780EA4D-7493-4FA1-AC73-B6AB371D73B6}.Release|x64.ActiveCfg = Release|Any CPU
		{5780EA4D-7493-4FA1-AC73-B6AB371D73B6}.Release|x64.Build.0 = Release|Any CPU
		{5780EA4D-7493-4FA1-AC73-B6AB371D73B6}.Release|x86.ActiveCfg = Release|Any CPU
		{5780EA4D-7493-4FA1-AC73-B6AB371D73B6}.Release|x86.Build.0 = Release|Any CPU
		{9B366BD0-32F3-4BE3-818D-CAEE233BBC7A}.Debug|Any CPU.ActiveCfg = Debug|Any CPU
		{9B366BD0-32F3-4BE3-818D-CAEE233BBC7A}.Debug|Any CPU.Build.0 = Debug|Any CPU
		{9B366BD0-32F3-4BE3-818D-CAEE233BBC7A}.Debug|x64.ActiveCfg = Debug|Any CPU
		{9B366BD0-32F3-4BE3-818D-CAEE233BBC7A}.Debug|x64.Build.0 = Debug|Any CPU
		{9B366BD0-32F3-4BE3-818D-CAEE233BBC7A}.Debug|x86.ActiveCfg = Debug|Any CPU
		{9B366BD0-32F3-4BE3-818D-CAEE233BBC7A}.Debug|x86.Build.0 = Debug|Any CPU
		{9B366BD0-32F3-4BE3-818D-CAEE233BBC7A}.Release|Any CPU.ActiveCfg = Release|Any CPU
		{9B366BD0-32F3-4BE3-818D-CAEE233BBC7A}.Release|Any CPU.Build.0 = Release|Any CPU
		{9B366BD0-32F3-4BE3-818D-CAEE233BBC7A}.Release|x64.ActiveCfg = Release|Any CPU
		{9B366BD0-32F3-4BE3-818D-CAEE233BBC7A}.Release|x64.Build.0 = Release|Any CPU
		{9B366BD0-32F3-4BE3-818D-CAEE233BBC7A}.Release|x86.ActiveCfg = Release|Any CPU
		{9B366BD0-32F3-4BE3-818D-CAEE233BBC7A}.Release|x86.Build.0 = Release|Any CPU
		{EF807835-6450-4DF9-882F-4935A14F27A5}.Debug|Any CPU.ActiveCfg = Debug|Any CPU
		{EF807835-6450-4DF9-882F-4935A14F27A5}.Debug|Any CPU.Build.0 = Debug|Any CPU
		{EF807835-6450-4DF9-882F-4935A14F27A5}.Debug|x64.ActiveCfg = Debug|Any CPU
		{EF807835-6450-4DF9-882F-4935A14F27A5}.Debug|x64.Build.0 = Debug|Any CPU
		{EF807835-6450-4DF9-882F-4935A14F27A5}.Debug|x86.ActiveCfg = Debug|Any CPU
		{EF807835-6450-4DF9-882F-4935A14F27A5}.Debug|x86.Build.0 = Debug|Any CPU
		{EF807835-6450-4DF9-882F-4935A14F27A5}.Release|Any CPU.ActiveCfg = Release|Any CPU
		{EF807835-6450-4DF9-882F-4935A14F27A5}.Release|Any CPU.Build.0 = Release|Any CPU
		{EF807835-6450-4DF9-882F-4935A14F27A5}.Release|x64.ActiveCfg = Release|Any CPU
		{EF807835-6450-4DF9-882F-4935A14F27A5}.Release|x64.Build.0 = Release|Any CPU
		{EF807835-6450-4DF9-882F-4935A14F27A5}.Release|x86.ActiveCfg = Release|Any CPU
		{EF807835-6450-4DF9-882F-4935A14F27A5}.Release|x86.Build.0 = Release|Any CPU
		{F099AF41-458E-458C-9CED-DA2E8E931C5C}.Debug|Any CPU.ActiveCfg = Debug|Any CPU
		{F099AF41-458E-458C-9CED-DA2E8E931C5C}.Debug|Any CPU.Build.0 = Debug|Any CPU
		{F099AF41-458E-458C-9CED-DA2E8E931C5C}.Debug|x64.ActiveCfg = Debug|Any CPU
		{F099AF41-458E-458C-9CED-DA2E8E931C5C}.Debug|x64.Build.0 = Debug|Any CPU
		{F099AF41-458E-458C-9CED-DA2E8E931C5C}.Debug|x86.ActiveCfg = Debug|Any CPU
		{F099AF41-458E-458C-9CED-DA2E8E931C5C}.Debug|x86.Build.0 = Debug|Any CPU
		{F099AF41-458E-458C-9CED-DA2E8E931C5C}.Release|Any CPU.ActiveCfg = Release|Any CPU
		{F099AF41-458E-458C-9CED-DA2E8E931C5C}.Release|Any CPU.Build.0 = Release|Any CPU
		{F099AF41-458E-458C-9CED-DA2E8E931C5C}.Release|x64.ActiveCfg = Release|Any CPU
		{F099AF41-458E-458C-9CED-DA2E8E931C5C}.Release|x64.Build.0 = Release|Any CPU
		{F099AF41-458E-458C-9CED-DA2E8E931C5C}.Release|x86.ActiveCfg = Release|Any CPU
		{F099AF41-458E-458C-9CED-DA2E8E931C5C}.Release|x86.Build.0 = Release|Any CPU
		{CC9417A4-4E87-4A8D-891B-B016EB266B8D}.Debug|Any CPU.ActiveCfg = Debug|Any CPU
		{CC9417A4-4E87-4A8D-891B-B016EB266B8D}.Debug|Any CPU.Build.0 = Debug|Any CPU
		{CC9417A4-4E87-4A8D-891B-B016EB266B8D}.Debug|x64.ActiveCfg = Debug|Any CPU
		{CC9417A4-4E87-4A8D-891B-B016EB266B8D}.Debug|x64.Build.0 = Debug|Any CPU
		{CC9417A4-4E87-4A8D-891B-B016EB266B8D}.Debug|x86.ActiveCfg = Debug|Any CPU
		{CC9417A4-4E87-4A8D-891B-B016EB266B8D}.Debug|x86.Build.0 = Debug|Any CPU
		{CC9417A4-4E87-4A8D-891B-B016EB266B8D}.Release|Any CPU.ActiveCfg = Release|Any CPU
		{CC9417A4-4E87-4A8D-891B-B016EB266B8D}.Release|Any CPU.Build.0 = Release|Any CPU
		{CC9417A4-4E87-4A8D-891B-B016EB266B8D}.Release|x64.ActiveCfg = Release|Any CPU
		{CC9417A4-4E87-4A8D-891B-B016EB266B8D}.Release|x64.Build.0 = Release|Any CPU
		{CC9417A4-4E87-4A8D-891B-B016EB266B8D}.Release|x86.ActiveCfg = Release|Any CPU
		{CC9417A4-4E87-4A8D-891B-B016EB266B8D}.Release|x86.Build.0 = Release|Any CPU
		{96C5A34A-6E77-46D5-931E-313EC3020291}.Debug|Any CPU.ActiveCfg = Debug|Any CPU
		{96C5A34A-6E77-46D5-931E-313EC3020291}.Debug|Any CPU.Build.0 = Debug|Any CPU
		{96C5A34A-6E77-46D5-931E-313EC3020291}.Debug|x64.ActiveCfg = Debug|Any CPU
		{96C5A34A-6E77-46D5-931E-313EC3020291}.Debug|x64.Build.0 = Debug|Any CPU
		{96C5A34A-6E77-46D5-931E-313EC3020291}.Debug|x86.ActiveCfg = Debug|Any CPU
		{96C5A34A-6E77-46D5-931E-313EC3020291}.Debug|x86.Build.0 = Debug|Any CPU
		{96C5A34A-6E77-46D5-931E-313EC3020291}.Release|Any CPU.ActiveCfg = Release|Any CPU
		{96C5A34A-6E77-46D5-931E-313EC3020291}.Release|Any CPU.Build.0 = Release|Any CPU
		{96C5A34A-6E77-46D5-931E-313EC3020291}.Release|x64.ActiveCfg = Release|Any CPU
		{96C5A34A-6E77-46D5-931E-313EC3020291}.Release|x64.Build.0 = Release|Any CPU
		{96C5A34A-6E77-46D5-931E-313EC3020291}.Release|x86.ActiveCfg = Release|Any CPU
		{96C5A34A-6E77-46D5-931E-313EC3020291}.Release|x86.Build.0 = Release|Any CPU
		{F67C92B2-49E7-4B89-922B-4FC50086031C}.Debug|Any CPU.ActiveCfg = Debug|Any CPU
		{F67C92B2-49E7-4B89-922B-4FC50086031C}.Debug|Any CPU.Build.0 = Debug|Any CPU
		{F67C92B2-49E7-4B89-922B-4FC50086031C}.Debug|x64.ActiveCfg = Debug|Any CPU
		{F67C92B2-49E7-4B89-922B-4FC50086031C}.Debug|x64.Build.0 = Debug|Any CPU
		{F67C92B2-49E7-4B89-922B-4FC50086031C}.Debug|x86.ActiveCfg = Debug|Any CPU
		{F67C92B2-49E7-4B89-922B-4FC50086031C}.Debug|x86.Build.0 = Debug|Any CPU
		{F67C92B2-49E7-4B89-922B-4FC50086031C}.Release|Any CPU.ActiveCfg = Release|Any CPU
		{F67C92B2-49E7-4B89-922B-4FC50086031C}.Release|Any CPU.Build.0 = Release|Any CPU
		{F67C92B2-49E7-4B89-922B-4FC50086031C}.Release|x64.ActiveCfg = Release|Any CPU
		{F67C92B2-49E7-4B89-922B-4FC50086031C}.Release|x64.Build.0 = Release|Any CPU
		{F67C92B2-49E7-4B89-922B-4FC50086031C}.Release|x86.ActiveCfg = Release|Any CPU
		{F67C92B2-49E7-4B89-922B-4FC50086031C}.Release|x86.Build.0 = Release|Any CPU
		{D2B84C78-4F59-41FC-87DF-575C8F8D8CF2}.Debug|Any CPU.ActiveCfg = Debug|Any CPU
		{D2B84C78-4F59-41FC-87DF-575C8F8D8CF2}.Debug|Any CPU.Build.0 = Debug|Any CPU
		{D2B84C78-4F59-41FC-87DF-575C8F8D8CF2}.Debug|x64.ActiveCfg = Debug|Any CPU
		{D2B84C78-4F59-41FC-87DF-575C8F8D8CF2}.Debug|x64.Build.0 = Debug|Any CPU
		{D2B84C78-4F59-41FC-87DF-575C8F8D8CF2}.Debug|x86.ActiveCfg = Debug|Any CPU
		{D2B84C78-4F59-41FC-87DF-575C8F8D8CF2}.Debug|x86.Build.0 = Debug|Any CPU
		{D2B84C78-4F59-41FC-87DF-575C8F8D8CF2}.Release|Any CPU.ActiveCfg = Release|Any CPU
		{D2B84C78-4F59-41FC-87DF-575C8F8D8CF2}.Release|Any CPU.Build.0 = Release|Any CPU
		{D2B84C78-4F59-41FC-87DF-575C8F8D8CF2}.Release|x64.ActiveCfg = Release|Any CPU
		{D2B84C78-4F59-41FC-87DF-575C8F8D8CF2}.Release|x64.Build.0 = Release|Any CPU
		{D2B84C78-4F59-41FC-87DF-575C8F8D8CF2}.Release|x86.ActiveCfg = Release|Any CPU
		{D2B84C78-4F59-41FC-87DF-575C8F8D8CF2}.Release|x86.Build.0 = Release|Any CPU
		{A54C06F9-1BE8-45D7-B471-634ED45CB47D}.Debug|Any CPU.ActiveCfg = Debug|Any CPU
		{A54C06F9-1BE8-45D7-B471-634ED45CB47D}.Debug|Any CPU.Build.0 = Debug|Any CPU
		{A54C06F9-1BE8-45D7-B471-634ED45CB47D}.Debug|x64.ActiveCfg = Debug|Any CPU
		{A54C06F9-1BE8-45D7-B471-634ED45CB47D}.Debug|x64.Build.0 = Debug|Any CPU
		{A54C06F9-1BE8-45D7-B471-634ED45CB47D}.Debug|x86.ActiveCfg = Debug|Any CPU
		{A54C06F9-1BE8-45D7-B471-634ED45CB47D}.Debug|x86.Build.0 = Debug|Any CPU
		{A54C06F9-1BE8-45D7-B471-634ED45CB47D}.Release|Any CPU.ActiveCfg = Release|Any CPU
		{A54C06F9-1BE8-45D7-B471-634ED45CB47D}.Release|Any CPU.Build.0 = Release|Any CPU
		{A54C06F9-1BE8-45D7-B471-634ED45CB47D}.Release|x64.ActiveCfg = Release|Any CPU
		{A54C06F9-1BE8-45D7-B471-634ED45CB47D}.Release|x64.Build.0 = Release|Any CPU
		{A54C06F9-1BE8-45D7-B471-634ED45CB47D}.Release|x86.ActiveCfg = Release|Any CPU
		{A54C06F9-1BE8-45D7-B471-634ED45CB47D}.Release|x86.Build.0 = Release|Any CPU
		{B3507674-2F31-408B-A273-72A6D2039EF0}.Debug|Any CPU.ActiveCfg = Debug|Any CPU
		{B3507674-2F31-408B-A273-72A6D2039EF0}.Debug|Any CPU.Build.0 = Debug|Any CPU
		{B3507674-2F31-408B-A273-72A6D2039EF0}.Debug|x64.ActiveCfg = Debug|Any CPU
		{B3507674-2F31-408B-A273-72A6D2039EF0}.Debug|x64.Build.0 = Debug|Any CPU
		{B3507674-2F31-408B-A273-72A6D2039EF0}.Debug|x86.ActiveCfg = Debug|Any CPU
		{B3507674-2F31-408B-A273-72A6D2039EF0}.Debug|x86.Build.0 = Debug|Any CPU
		{B3507674-2F31-408B-A273-72A6D2039EF0}.Release|Any CPU.ActiveCfg = Release|Any CPU
		{B3507674-2F31-408B-A273-72A6D2039EF0}.Release|Any CPU.Build.0 = Release|Any CPU
		{B3507674-2F31-408B-A273-72A6D2039EF0}.Release|x64.ActiveCfg = Release|Any CPU
		{B3507674-2F31-408B-A273-72A6D2039EF0}.Release|x64.Build.0 = Release|Any CPU
		{B3507674-2F31-408B-A273-72A6D2039EF0}.Release|x86.ActiveCfg = Release|Any CPU
		{B3507674-2F31-408B-A273-72A6D2039EF0}.Release|x86.Build.0 = Release|Any CPU
		{7F1C4A21-9B3E-4D62-8E15-2C6A4F0B91D3}.Debug|Any CPU.ActiveCfg = Debug|Any CPU
		{7F1C4A21-9B3E-4D62-8E15-2C6A4F0B91D3}.Debug|Any CPU.Build.0 = Debug|Any CPU
		{7F1C4A21-9B3E-4D62-8E15-2C6A4F0B91D3}.Debug|x64.ActiveCfg = Debug|Any CPU
		{7F1C4A21-9B3E-4D62-8E15-2C6A4F0B91D3}.Debug|x64.Build.0 = Debug|Any CPU
		{7F1C4A21-9B3E-4D62-8E15-2C6A4F0B91D3}.Debug|x86.ActiveCfg = Debug|Any CPU
		{7F1C4A21-9B3E-4D62-8E15-2C6A4F0B91D3}.Debug|x86.Build.0 = Debug|Any CPU
		{7F1C4A21-9B3E-4D62-8E15-2C6A4F0B91D3}.Release|Any CPU.ActiveCfg = Release|Any CPU
		{7F1C4A21-9B3E-4D62-8E15-2C6A4F0B91D3}.Release|Any CPU.Build.0 = Release|Any CPU
		{7F1C4A21-9B3E-4D62-8E15-2C6A4F0B91D3}.Release|x64.ActiveCfg = Release|Any CPU
		{7F1C4A21-9B3E-4D62-8E15-2C6A4F0B91D3}.Release|x64.Build.0 = Release|Any CPU
		{7F1C4A21-9B3E-4D62-8E15-2C6A4F0B91D3}.Release|x86.ActiveCfg = Release|Any CPU
		{7F1C4A21-9B3E-4D62-8E15-2C6A4F0B91D3}.Release|x86.Build.0 = Release|Any CPU
		{8A6E0212-AF22-424C-AE7C-3B424C4EDBFC}.Debug|Any CPU.ActiveCfg = Debug|Any CPU
		{8A6E0212-AF22-424C-AE7C-3B424C4EDBFC}.Debug|Any CPU.Build.0 = Debug|Any CPU
		{8A6E0212-AF22-424C-AE7C-3B424C4EDBFC}.Debug|x64.ActiveCfg = Debug|Any CPU
		{8A6E0212-AF22-424C-AE7C-3B424C4EDBFC}.Debug|x64.Build.0 = Debug|Any CPU
		{8A6E0212-AF22-424C-AE7C-3B424C4EDBFC}.Debug|x86.ActiveCfg = Debug|Any CPU
		{8A6E0212-AF22-424C-AE7C-3B424C4EDBFC}.Debug|x86.Build.0 = Debug|Any CPU
		{8A6E0212-AF22-424C-AE7C-3B424C4EDBFC}.Release|Any CPU.ActiveCfg = Release|Any CPU
		{8A6E0212-AF22-424C-AE7C-3B424C4EDBFC}.Release|Any CPU.Build.0 = Release|Any CPU
		{8A6E0212-AF22-424C-AE7C-3B424C4EDBFC}.Release|x64.ActiveCfg = Release|Any CPU
		{8A6E0212-AF22-424C-AE7C-3B424C4EDBFC}.Release|x64.Build.0 = Release|Any CPU
		{8A6E0212-AF22-424C-AE7C-3B424C4EDBFC}.Release|x86.ActiveCfg = Release|Any CPU
		{8A6E0212-AF22-424C-AE7C-3B424C4EDBFC}.Release|x86.Build.0 = Release|Any CPU
		{10EDC7EB-7725-4F28-8928-013BFF5CAE54}.Debug|Any CPU.ActiveCfg = Debug|Any CPU
		{10EDC7EB-7725-4F28-8928-013BFF5CAE54}.Debug|Any CPU.Build.0 = Debug|Any CPU
		{10EDC7EB-7725-4F28-8928-013BFF5CAE54}.Debug|x64.ActiveCfg = Debug|Any CPU
		{10EDC7EB-7725-4F28-8928-013BFF5CAE54}.Debug|x64.Build.0 = Debug|Any CPU
		{10EDC7EB-7725-4F28-8928-013BFF5CAE54}.Debug|x86.ActiveCfg = Debug|Any CPU
		{10EDC7EB-7725-4F28-8928-013BFF5CAE54}.Debug|x86.Build.0 = Debug|Any CPU
		{10EDC7EB-7725-4F28-8928-013BFF5CAE54}.Release|Any CPU.ActiveCfg = Release|Any CPU
		{10EDC7EB-7725-4F28-8928-013BFF5CAE54}.Release|Any CPU.Build.0 = Release|Any CPU
		{10EDC7EB-7725-4F28-8928-013BFF5CAE54}.Release|x64.ActiveCfg = Release|Any CPU
		{10EDC7EB-7725-4F28-8928-013BFF5CAE54}.Release|x64.Build.0 = Release|Any CPU
		{10EDC7EB-7725-4F28-8928-013BFF5CAE54}.Release|x86.ActiveCfg = Release|Any CPU
		{10EDC7EB-7725-4F28-8928-013BFF5CAE54}.Release|x86.Build.0 = Release|Any CPU
	EndGlobalSection
	GlobalSection(SolutionProperties) = preSolution
		HideSolutionNode = FALSE
	EndGlobalSection
	GlobalSection(NestedProjects) = preSolution
		{C2FBFECB-92FE-4FBD-8DD0-456DDDB7D859} = {A1000000-0000-4000-8000-000000000001}
		{F099AF41-458E-458C-9CED-DA2E8E931C5C} = {A1000000-0000-4000-8000-000000000001}
		{206126F1-2CD3-44BF-B635-A3465B99B4D9} = {A1000000-0000-4000-8000-000000000002}
		{3DD89E1D-E53C-414D-9C4F-73615A9FE0DB} = {A1000000-0000-4000-8000-000000000002}
		{A54C06F9-1BE8-45D7-B471-634ED45CB47D} = {A1000000-0000-4000-8000-000000000002}
		{0FAB3E5A-C695-4E8A-9438-9410C13FF382} = {A1000000-0000-4000-8000-000000000002}
		{ACD174D1-40A5-4F3B-ACD4-A4857753F5DE} = {A1000000-0000-4000-8000-000000000003}
		{373D52A2-DCA3-41BF-A7DE-8B464E03ED6A} = {A1000000-0000-4000-8000-000000000003}
		{B3507674-2F31-408B-A273-72A6D2039EF0} = {A1000000-0000-4000-8000-000000000003}
		{E6F531F5-2E53-4B95-98D4-75F59189CF08} = {A1000000-0000-4000-8000-000000000003}
		{D0D4BCDE-E6E3-4A49-BA64-4D9F5417C7BA} = {A1000000-0000-4000-8000-000000000003}
		{4453B56E-8EC9-43B6-9B71-603F88F196FC} = {A1000000-0000-4000-8000-000000000003}
		{F0E82BD3-CDD8-4AAC-A92F-F1DC3C75A158} = {A1000000-0000-4000-8000-000000000003}
		{DD53E4D6-08AB-41BD-B4A6-0348CCFCFCD8} = {A1000000-0000-4000-8000-000000000003}
		{10EDC7EB-7725-4F28-8928-013BFF5CAE54} = {A1000000-0000-4000-8000-000000000003}
		{B69616B3-7155-4FEC-978F-6345CA885231} = {A1000000-0000-4000-8000-000000000003}
		{8A6E0212-AF22-424C-AE7C-3B424C4EDBFC} = {A1000000-0000-4000-8000-000000000003}
		{0A8420E0-DDA4-46C1-8775-CDCEF53D8B46} = {A1000000-0000-4000-8000-000000000004}
		{1EE0E4A1-557D-4779-A65E-73BBAD110CC2} = {A1000000-0000-4000-8000-000000000004}
		{E5060BDA-AD43-4BBE-89BD-6E5F58CFD90B} = {A1000000-0000-4000-8000-000000000004}
		{FAC5648D-7B56-4E65-8EF0-B4EE138E6380} = {A1000000-0000-4000-8000-000000000004}
		{730AB94C-2527-4902-9BAA-BB5491691162} = {A1000000-0000-4000-8000-000000000004}
		{85D6A409-296E-4739-99B1-92C841ADB5F6} = {A1000000-0000-4000-8000-000000000004}
		{91A0E861-4BD8-4F05-B776-0EE2CA00A3D7} = {A1000000-0000-4000-8000-000000000004}
		{31AA65DB-2B58-4B59-A1A2-96618D5D125D} = {A1000000-0000-4000-8000-000000000004}
		{B1FB368A-BF76-401B-B60C-269C54EE1FE0} = {A1000000-0000-4000-8000-000000000004}
		{E1C443E0-C2E4-4146-B964-8558E8F16FC2} = {A1000000-0000-4000-8000-000000000004}
		{A0394677-EA1B-4B0C-9B00-88FF3FB5FBFA} = {A1000000-0000-4000-8000-000000000005}
		{C566CEC3-9098-4A2B-BB7E-C74CD316EFEE} = {A1000000-0000-4000-8000-000000000005}
		{9B366BD0-32F3-4BE3-818D-CAEE233BBC7A} = {A1000000-0000-4000-8000-000000000006}
		{EF807835-6450-4DF9-882F-4935A14F27A5} = {A1000000-0000-4000-8000-000000000006}
		{96C5A34A-6E77-46D5-931E-313EC3020291} = {A1000000-0000-4000-8000-000000000006}
		{F67C92B2-49E7-4B89-922B-4FC50086031C} = {A1000000-0000-4000-8000-000000000006}
		{AE069C3E-DE2D-4737-8CA0-E47B2710C135} = {A1000000-0000-4000-8000-000000000007}
		{25FB0731-6CCB-4796-A93F-1DD7D476F30F} = {A1000000-0000-4000-8000-000000000007}
		{5780EA4D-7493-4FA1-AC73-B6AB371D73B6} = {A1000000-0000-4000-8000-000000000007}
		{662C464F-A3D3-4DE9-B0D6-D68D5AD92BE6} = {A1000000-0000-4000-8000-000000000007}
		{79069E02-7C80-4930-97DF-82D320F42FC9} = {A1000000-0000-4000-8000-000000000007}
		{B23426C4-BE04-4696-A087-C9253953BF5B} = {A1000000-0000-4000-8000-000000000007}
		{8789349C-266A-4FE3-B5E2-EC8FBCFA1362} = {A1000000-0000-4000-8000-000000000007}
		{223A0238-5B41-46A8-859B-264A2C32DFF1} = {A1000000-0000-4000-8000-000000000007}
		{4FDFCB97-2B48-44AC-87D3-D53D2777A223} = {A1000000-0000-4000-8000-000000000007}
		{5CCE14A8-6B76-4B0A-A966-B51BB6E29BC0} = {A1000000-0000-4000-8000-000000000007}
		{CC494608-D70D-42E9-9E8B-6259792E7091} = {A1000000-0000-4000-8000-000000000007}
		{0977A8C3-CB26-4A1B-BC18-421A9713E326} = {A1000000-0000-4000-8000-000000000007}
		{D2B84C78-4F59-41FC-87DF-575C8F8D8CF2} = {A1000000-0000-4000-8000-000000000007}
		{CC9417A4-4E87-4A8D-891B-B016EB266B8D} = {A1000000-0000-4000-8000-000000000007}
		{A411B672-976A-4A20-A5C2-CF95260F66CB} = {A1000000-0000-4000-8000-000000000007}
		{59D04569-6D3A-48D1-BDC2-63E214F7C704} = {A1000000-0000-4000-8000-000000000007}
	EndGlobalSection
EndGlobal
