# Generated by `habbo-spec`. Do not hand-edit anything under `generated:` — it is replaced on
# every scan, and an edit there blocks the next regeneration instead of being silently lost.
# 
# Write corrections under `verified:` (backed by evidence) or `manual:` (notes and context).
# Both are preserved verbatim across regenerations.
# 
# Existing emulator behaviour is evidence, not authority.
# Reference emulator behaviour is evidence, not authority.
# Unknown official behaviour must remain explicitly unknown.

spec: feature
spec_version: 1
generated_digest: "sha256:38ce5d21681d06cac4a244320335c0699cefb7dcb948489096672bf796adbd7c"
generated:
  id: wired.set_wired_chest_lock
  domain: wired
  title: set wired chest lock
  trigger_packets:
  - SetWiredChestLock
  observed_in:
    vortex: true
    references: []
  official_behavior:
    status: unknown
  flow:
  - order: 0
    layer: handler
    symbol: SetWiredChestLockMessageHandler.HandleAsync
    evidence: ev_f3402509b432
  - order: 1
    layer: grain
    symbol: RoomGrain.SetWiredChestLockAsync
    evidence: ev_df80e54657de
  - order: 2
    layer: module
    symbol: RoomWiredTradingSystem.SetWiredChestLockAsync
    evidence: ev_84ee82d9d8e2
  - order: 3
    layer: domain
    symbol: WiredChestStore.UpdateChestAsync
    evidence: ev_d3a71568179c
  - order: 4
    layer: domain
    symbol: WiredChestStore.GetOrOpenAsync
    evidence: ev_d3a71568179c
  - order: 5
    layer: domain
    symbol: ActionContext.CreateForPlayer
    evidence: ev_f5b4cba2f556
  checks:
  - expression: ctx is null || ctx.PlayerId <= 0 || ctx.RoomId <= 0
    on_fail: return
    observed_in: vortex
    evidence: ev_f064c2317678
  - expression: "!await CanUseChestAsync(ctx, chestId).ConfigureAwait(true)"
    on_fail: return
    observed_in: vortex
    evidence: ev_d3a71568179c
  - expression: chest is not null
    on_fail: return
    observed_in: vortex
    evidence: ev_d3a71568179c
  state_changes:
  - target: WiredTradingSystem
    value: WiredTradingSystem.SetWiredChestLockAsync(ctx, chestId, locked, autoLock, ct)
    observed_in: vortex
    evidence: ev_df80e54657de
  - target: _grainFactory .GetRoomWired(ctx.RoomId)
    value: _grainFactory .GetRoomWired(ctx.RoomId) .SetWiredChestLockAsync( ActionContext.CreateForPlayer(ctx.PlayerId, ctx.RoomId), message.ChestId, message.Locked, message.AutoLock, ct )
    observed_in: vortex
    evidence: ev_f064c2317678
  - target: _store
    value: _store.UpdateChestAsync( ctx, chestId, chest => { chest.Locked = locked; chest.AutoLock = autoLock; }, ct )
    observed_in: vortex
    evidence: ev_84ee82d9d8e2
  - target: chest.AutoLock
    value: autoLock
    observed_in: vortex
    evidence: ev_84ee82d9d8e2
  - target: chest.Locked
    value: locked
    observed_in: vortex
    evidence: ev_84ee82d9d8e2
  outgoing:
    ordering: unknown
    packets: []
  reaches_persistence: true
  evidence:
  - id: ev_84ee82d9d8e2
    kind: emulator_flow
    authority: vortex_emulator
    origin: vortex
    source: Vortex.Rooms/Grains/Systems/WiredTrading/RoomWiredTradingSystem.Chests.cs
    symbol: RoomWiredTradingSystem
    line: 389
  - id: ev_d3a71568179c
    kind: emulator_flow
    authority: vortex_emulator
    origin: vortex
    source: Vortex.Rooms/Grains/Systems/WiredTrading/WiredChestStore.cs
    symbol: WiredChestStore
    line: 363
  - id: ev_df80e54657de
    kind: emulator_flow
    authority: vortex_emulator
    origin: vortex
    source: Vortex.Rooms/Grains/RoomGrain.WiredTrading.cs
    symbol: RoomGrain
    line: 157
  - id: ev_f064c2317678
    kind: emulator_flow
    authority: vortex_emulator
    origin: vortex
    source: Vortex.PacketHandlers/UserDefinedRoomEvents/Wiredtrading/SetWiredChestLockMessageHandler.cs
    symbol: SetWiredChestLockMessageHandler
    line: 29
  - id: ev_f3402509b432
    kind: emulator_handler
    authority: vortex_emulator
    origin: vortex
    source: Vortex.PacketHandlers/UserDefinedRoomEvents/Wiredtrading/SetWiredChestLockMessageHandler.cs
    symbol: SetWiredChestLockMessageHandler
    line: 18
  - id: ev_f5b4cba2f556
    kind: emulator_flow
    authority: vortex_emulator
    origin: vortex
    source: Vortex.Primitives/Action/ActionContext.cs
    symbol: ActionContext
    line: 31
  scenarios:
  - wired.set_wired_chest_lock.guard_0
  - wired.set_wired_chest_lock.guard_1
  - wired.set_wired_chest_lock.guard_2
  - wired.set_wired_chest_lock.success
  unknowns:
  - uk_863ca96f10
verified: {}
manual: {}
