# Generated by `habbo-spec`. Do not hand-edit anything under `generated:` — it is replaced on
# every scan, and an edit there blocks the next regeneration instead of being silently lost.
# 
# Write corrections under `verified:` (backed by evidence) or `manual:` (notes and context).
# Both are preserved verbatim across regenerations.
# 
# Existing emulator behaviour is evidence, not authority.
# Reference emulator behaviour is evidence, not authority.
# Unknown official behaviour must remain explicitly unknown.

spec: packet
spec_version: 1
generated_digest: "sha256:e5a4f009dec920113035926cd59399b89657c4013c2aa34b509d05d1742ad4e5"
generated:
  name: SetWiredChestLock
  direction: incoming
  domain: wired
  structure_confidence: implementation_observed
  mapped_in_vortex: true
  vortex_handler: SetWiredChestLockMessageHandler
  fields:
  - index: 0
    name: chest_id
    type: int32
    name_confidence: implementation_observed
    type_confidence: implementation_observed
    evidence:
    - ev_e564ce17413d
  - index: 1
    name: locked
    type: boolean
    name_confidence: implementation_observed
    type_confidence: implementation_observed
    evidence:
    - ev_e564ce17413d
  - index: 2
    name: auto_lock
    type: boolean
    name_confidence: implementation_observed
    type_confidence: implementation_observed
    evidence:
    - ev_e564ce17413d
  - index: 3
    name: requested_capacity
    type: int32
    name_confidence: implementation_observed
    type_confidence: implementation_observed
    evidence:
    - ev_e564ce17413d
  layouts_by_source:
  - origin: "as3:WIN63-202607011411-782849652"
    authority: client_code
    field_count: 0
    partial: true
    types: []
    evidence: ev_aef17dd3fcfe
  - origin: vortex
    authority: vortex_emulator
    field_count: 4
    partial: false
    types:
    - int32
    - boolean
    - boolean
    - int32
    evidence: ev_e564ce17413d
  evidence:
  - id: ev_aef17dd3fcfe
    kind: client_call_site
    authority: client_mandated
    origin: "as3:WIN63-202607011411-782849652"
    source: ../vortex-modern-client/sources/WIN63-202607011411-782849652/src/unknowns/_SafePkg_2417/_SafeCls_3366.as
    symbol: _SafeCls_3366
    line: 21
    note: "the client constructs this composer at 1 call site(s), first at ../vortex-modern-client/sources/WIN63-202607011411-782849652/src/com/sulake/habbo/roomevents/wired_trading/chests/WiredChestWrapperView.as:573 with 4 argument(s); the class writes 0 value(s) to the wire"
  - id: ev_e564ce17413d
    kind: emulator_parser
    authority: vortex_emulator
    origin: vortex
    source: Vortex.Revisions/Revision20260701/Parsers/UserDefinedRoomEvents/Wiredtrading/SetWiredChestLockMessageParser.cs
    symbol: SetWiredChestLockMessageParser
    line: 7
verified: {}
manual: {}
