# Generated by `habbo-spec`. Do not hand-edit anything under `generated:` — it is replaced on
# every scan, and an edit there blocks the next regeneration instead of being silently lost.
# 
# Write corrections under `verified:` (backed by evidence) or `manual:` (notes and context).
# Both are preserved verbatim across regenerations.
# 
# Existing emulator behaviour is evidence, not authority.
# Reference emulator behaviour is evidence, not authority.
# Unknown official behaviour must remain explicitly unknown.

spec: feature
spec_version: 1
generated_digest: "sha256:6983fcc28c9fc4993634ede51bc2741cef80e362f15c7906de07d87793afc7e1"
generated:
  id: moderation.mod_trading_lock
  domain: moderation
  title: mod trading lock
  trigger_packets:
  - ModTradingLock
  observed_in:
    vortex: true
    references:
    - arcturus
  official_behavior:
    status: unknown
  flow:
  - order: 0
    layer: handler
    symbol: ModTradingLockMessageHandler.HandleAsync
    evidence: ev_358916898c5e
  - order: 1
    layer: domain
    symbol: ModToolActionHelper.GetTargetRoomIdAsync
    evidence: ev_dd4e77d6bf65
  - order: 2
    layer: grain
    symbol: PlayerPresenceGrain.GetActiveRoomAsync
    evidence: ev_b44ef304d36a
  - order: 3
    layer: domain
    symbol: ModToolActionHelper.IsAuthorizedAsync
    evidence: ev_dd4e77d6bf65
  - order: 4
    layer: service
    symbol: PermissionService.ResolveForPlayerAsync
    evidence: ev_743940bb69f7
  - order: 5
    layer: module
    symbol: EventSystem.PublishAsync
    evidence: ev_34bf3ac088e2
  - order: 6
    layer: grain
    symbol: PlayerGrain.ApplyTradingLockAsync
    evidence: ev_1f83e61934ca
  - order: 7
    layer: domain
    symbol: WiredChestStore.FindAsync
    evidence: ev_d3a71568179c
  - order: 8
    layer: domain
    symbol: ModToolActionHelper.SendCautionIfPresentAsync
    evidence: ev_dd4e77d6bf65
  - order: 9
    layer: domain
    symbol: ModToolActionHelper.SendResultAsync
    evidence: ev_dd4e77d6bf65
  checks:
  - expression: ctx.PlayerId <= 0 || message.UserId <= 0
    on_fail: return
    observed_in: vortex
    evidence: ev_a26f3e9871c4
  - expression: ModerationPolicy.IsAllowed(actorPermissions, targetPermissions, action)
    on_fail: return
    observed_in: vortex
    evidence: ev_dd4e77d6bf65
  - expression: playerId <= 0
    on_fail: return
    observed_in: vortex
    evidence: ev_743940bb69f7
  - expression: _registry is null
    on_fail: return
    observed_in: vortex
    evidence: ev_34bf3ac088e2
  - expression: player is null
    on_fail: return
    observed_in: vortex
    evidence: ev_1f83e61934ca
  - expression: string.IsNullOrWhiteSpace(message)
    on_fail: return
    observed_in: vortex
    evidence: ev_dd4e77d6bf65
  state_changes:
  - target: DateTime.UtcNow
    value: DateTime.UtcNow.AddMinutes(message.DurationMinutes)
    observed_in: vortex
    evidence: ev_a26f3e9871c4
  - target: player.TradingLockedUntil
    value: lockedUntil
    observed_in: vortex
    evidence: ev_1f83e61934ca
  - target: targetGrain
    value: targetGrain .ApplyTradingLockAsync(ctx.PlayerId, lockedUntil, ct)
    observed_in: vortex
    evidence: ev_a26f3e9871c4
  outgoing:
    ordering: unknown
    packets:
    - packet: ModeratorActionResult
      recipient: unknown
      recipient_confidence: unknown
      evidence: ev_dd4e77d6bf65
    - packet: ModeratorCautionEvent
      recipient: unknown
      recipient_confidence: unknown
      evidence: ev_dd4e77d6bf65
  reaches_persistence: true
  evidence:
  - id: ev_1f83e61934ca
    kind: emulator_flow
    authority: vortex_emulator
    origin: vortex
    source: Vortex.Players/Grains/PlayerGrain.cs
    symbol: PlayerGrain
    line: 736
  - id: ev_34bf3ac088e2
    kind: emulator_flow
    authority: vortex_emulator
    origin: vortex
    source: Vortex.Events/EventSystem.cs
    symbol: EventSystem
    line: 14
  - id: ev_358916898c5e
    kind: emulator_handler
    authority: vortex_emulator
    origin: vortex
    source: Vortex.PacketHandlers/Moderator/ModTradingLockMessageHandler.cs
    symbol: ModTradingLockMessageHandler
    line: 17
  - id: ev_743940bb69f7
    kind: emulator_flow
    authority: vortex_emulator
    origin: vortex
    source: Vortex.Authentication/Permissions/PermissionService.cs
    symbol: PermissionService
    line: 57
  - id: ev_a26f3e9871c4
    kind: emulator_flow
    authority: vortex_emulator
    origin: vortex
    source: Vortex.PacketHandlers/Moderator/ModTradingLockMessageHandler.cs
    symbol: ModTradingLockMessageHandler
    line: 30
  - id: ev_b44ef304d36a
    kind: emulator_flow
    authority: vortex_emulator
    origin: vortex
    source: Vortex.Players/Grains/PlayerPresenceGrain.Room.cs
    symbol: PlayerPresenceGrain
    line: 27
  - id: ev_d3a71568179c
    kind: emulator_flow
    authority: vortex_emulator
    origin: vortex
    source: Vortex.Rooms/Grains/Systems/WiredTrading/WiredChestStore.cs
    symbol: WiredChestStore
    line: 80
  - id: ev_dd4e77d6bf65
    kind: emulator_flow
    authority: vortex_emulator
    origin: vortex
    source: Vortex.PacketHandlers/Moderator/ModToolActionHelper.cs
    symbol: ModToolActionHelper
    line: 22
  scenarios:
  - moderation.mod_trading_lock.guard_0
  - moderation.mod_trading_lock.guard_1
  - moderation.mod_trading_lock.guard_2
  - moderation.mod_trading_lock.guard_3
  - moderation.mod_trading_lock.guard_4
  - moderation.mod_trading_lock.guard_5
  - moderation.mod_trading_lock.success
  conflicts:
  - cf_576e4275cf
  - cf_f401d2b815
  unknowns:
  - uk_98d8ffaed1
  - uk_f7a76b4d41
verified: {}
manual: {}
