# Generated by `habbo-spec`. Do not hand-edit anything under `generated:` — it is replaced on
# every scan, and an edit there blocks the next regeneration instead of being silently lost.
# 
# Write corrections under `verified:` (backed by evidence) or `manual:` (notes and context).
# Both are preserved verbatim across regenerations.
# 
# Existing emulator behaviour is evidence, not authority.
# Reference emulator behaviour is evidence, not authority.
# Unknown official behaviour must remain explicitly unknown.

spec: packet
spec_version: 1
generated_digest: "sha256:aa4fa242f58762979d2854b367e959c3af09b80e06e8e48b13dbdd812da3fc78"
generated:
  name: FriendFurniCancelLock
  direction: outgoing
  domain: friendfurni
  structure_confidence: reference_observed
  mapped_in_vortex: false
  fields:
  - index: 0
    name: unknown_0
    type: int32
    name_is_placeholder: true
    name_confidence: unknown
    type_confidence: reference_observed
    evidence:
    - ev_691e18ee4c28
  layouts_by_source:
  - origin: nitro
    authority: multi_implementation
    field_count: 0
    partial: true
    types: []
    evidence: ev_5be3de71ab30
  - origin: habbo-arcturus-daybreak
    authority: reference_emulator
    field_count: 1
    partial: false
    types:
    - int32
    evidence: ev_691e18ee4c28
  evidence:
  - id: ev_5be3de71ab30
    kind: client_parser
    authority: multi_implementation
    origin: nitro
    source: ../vortex-modern-client/sources/NITRO/packages/nitro-shared/src/packets/incoming/Friendfurni/FriendFurniCancelLockMessage.ts
    symbol: FriendFurniCancelLockMessage
    line: 10
    note: community client reimplementation; corroborating, never authoritative
  - id: ev_691e18ee4c28
    kind: reference_composer
    authority: reference_emulator
    origin: habbo-arcturus-daybreak
    source: ../vortex-modern-client/sources/HABBO-ARCTURUS-DAYBREAK/src/main/java/com/eu/habbo/messages/outgoing/rooms/items/lovelock/FriendFurniCancelLockMessageComposer.java
    symbol: FriendFurniCancelLockMessageComposer
    line: 16
    note: third-party server implementation; evidence, not authority
  unknowns:
  - uk_39345fc228
verified: {}
manual: {}
