# Generated by `habbo-spec`. Do not hand-edit anything under `generated:` — it is replaced on
# every scan, and an edit there blocks the next regeneration instead of being silently lost.
# 
# Write corrections under `verified:` (backed by evidence) or `manual:` (notes and context).
# Both are preserved verbatim across regenerations.
# 
# Existing emulator behaviour is evidence, not authority.
# Reference emulator behaviour is evidence, not authority.
# Unknown official behaviour must remain explicitly unknown.

spec: scenarios
spec_version: 1
generated_digest: "sha256:df36f4a4cb07177bb3aa2c02e196acacd05132de269a3dba2889a9fbff76e97d"
generated:
  feature: messenger.friend_furni_confirm_lock
  scenarios:
  - scenario: messenger.friend_furni_confirm_lock.success
    title: "friend furni confirm lock: the request is accepted"
    given:
      preconditions: all guards satisfied
    when:
      packet: FriendFurniConfirmLock
    expected:
      status: unknown
      confidence: unknown
    needs_evidence: an official capture of FriendFurniConfirmLock succeeding, with every packet the server sends back and in what order
    executable: false
    claims:
    - origin: vortex
      authority: vortex_emulator
      outcome: ignored
      emits: []
      evidence: ev_1974402aaa8a
    - origin: arcturus
      authority: reference_emulator
      outcome: success
      emits:
      - FriendFurniCancelLock
      evidence: ev_94da840eaeae
  evidence:
  - id: ev_94da840eaeae
    kind: reference_handler
    authority: reference_emulator
    origin: arcturus
    source: ../vortex-modern-client/sources/HABBO-ARCTURUS-DAYBREAK/src/main/java/com/eu/habbo/messages/incoming/rooms/items/lovelock/FriendFurniConfirmLockMessageEvent.java
    symbol: FriendFurniConfirmLockMessageEvent
    line: 14
    note: third-party server implementation; evidence, not authority
  - id: ev_1974402aaa8a
    kind: emulator_handler
    authority: vortex_emulator
    origin: vortex
    source: Vortex.PacketHandlers/FriendFurni/FriendFurniConfirmLockMessageHandler.cs
    symbol: FriendFurniConfirmLockMessageHandler
    line: 8
verified: {}
manual: {}
